
Microsoft Visual Studio Solution File, Format Version 12.00
# Visual Studio Version 16
VisualStudioVersion = 16.0.28922.388
MinimumVisualStudioVersion = 10.0.40219.1
Project("{2150E333-8FDC-42A3-9474-1A3956D46DE8}") = "FeatureSamples", "FeatureSamples", "{5A74C4AB-937A-4AF9-810C-B994AA78B70A}"
EndProject
Project("{9A19103F-16F7-4668-BE54-9A1E7A4F7556}") = "Urho.Samples", "FeatureSamples\Urho.Samples\Urho.Samples.csproj", "{FB02BFDC-7B46-436F-8D45-A89EA5FACA27}"
EndProject
Project("{FAE04EC0-301F-11D3-BF4B-00C04F79EFBC}") = "Urho.Samples.Droid", "FeatureSamples\Urho.Samples.Droid\Urho.Samples.Droid.csproj", "{08720A8A-3059-4927-BC49-753DA5FA2409}"
EndProject
Project("{9A19103F-16F7-4668-BE54-9A1E7A4F7556}") = "Urho.Samples.Desktop", "FeatureSamples\Urho.Samples.Desktop\Urho.Samples.Desktop.csproj", "{19BF6FD8-13C0-4424-9664-F650B3655D71}"
EndProject
Project("{FAE04EC0-301F-11D3-BF4B-00C04F79EFBC}") = "Urho.Samples.iOS", "FeatureSamples\Urho.Samples.iOS\Urho.Samples.iOS.csproj", "{9CD99949-B59E-4337-BDFB-9F03D3C330AE}"
EndProject
Project("{FAE04EC0-301F-11D3-BF4B-00C04F79EFBC}") = "Urho.Samples.UWP", "FeatureSamples\Urho.Samples.UWP\Urho.Samples.UWP.csproj", "{183B15BA-7C5F-47AE-A39A-90DE6414F33D}"
EndProject
Project("{2150E333-8FDC-42A3-9474-1A3956D46DE8}") = "FormsSample", "FormsSample", "{9DCD2499-FB5D-4260-802D-4252062BE4EC}"
EndProject
Project("{9A19103F-16F7-4668-BE54-9A1E7A4F7556}") = "FormsSample", "FormsSample\FormsSample\FormsSample.csproj", "{03F2CF7D-DB70-470F-B1D4-81425B77A552}"
EndProject
Project("{FAE04EC0-301F-11D3-BF4B-00C04F79EFBC}") = "FormsSample.Android", "FormsSample\FormsSample.Android\FormsSample.Android.csproj", "{09E8F9AE-2583-4355-856E-234EA748EFCD}"
EndProject
Project("{FAE04EC0-301F-11D3-BF4B-00C04F79EFBC}") = "FormsSample.iOS", "FormsSample\FormsSample.iOS\FormsSample.iOS.csproj", "{6D10B662-229B-4C46-8874-2AC9B7D9C80C}"
EndProject
Project("{FAE04EC0-301F-11D3-BF4B-00C04F79EFBC}") = "FormsSample.UWP", "FormsSample\FormsSample.UWP\FormsSample.UWP.csproj", "{14CA5138-1565-4D7C-A085-DFA4703714A9}"
EndProject
Project("{2150E333-8FDC-42A3-9474-1A3956D46DE8}") = "SamplyGame", "SamplyGame", "{883C59B9-3D05-45FB-96F5-C1AC3B48C72F}"
EndProject
Project("{9A19103F-16F7-4668-BE54-9A1E7A4F7556}") = "SamplyGame", "SamplyGame\SamplyGame\SamplyGame.csproj", "{196099FA-1BE0-46AE-B0A9-38BCB339DCC0}"
EndProject
Project("{9A19103F-16F7-4668-BE54-9A1E7A4F7556}") = "SamplyGame.Desktop", "SamplyGame\SamplyGame.Desktop\SamplyGame.Desktop.csproj", "{B71F2344-9C3E-47B7-ADCE-30A34564E7B4}"
EndProject
Project("{FAE04EC0-301F-11D3-BF4B-00C04F79EFBC}") = "SamplyGame.Droid", "SamplyGame\SamplyGame.Droid\SamplyGame.Droid.csproj", "{A1A1DCA2-E663-4806-950E-7E0B236F28BD}"
EndProject
Project("{FAE04EC0-301F-11D3-BF4B-00C04F79EFBC}") = "SamplyGame.iOS", "SamplyGame\SamplyGame.iOS\SamplyGame.iOS.csproj", "{F82501ED-DF9F-43C4-B31D-85C1DDDCB0ED}"
EndProject
Project("{2150E333-8FDC-42A3-9474-1A3956D46DE8}") = "Solution Items", "Solution Items", "{B003E1C8-BC1B-402E-92AC-DA7693E1AC2B}"
	ProjectSection(SolutionItems) = preProject
		README.md = README.md
	EndProjectSection
EndProject
Project("{2150E333-8FDC-42A3-9474-1A3956D46DE8}") = "UrhoAssetImporter", "UrhoAssetImporter", "{4D3C4F4E-2A02-4BA4-8656-C7893BA71866}"
EndProject
Project("{9A19103F-16F7-4668-BE54-9A1E7A4F7556}") = "UrhoSharp.Viewer.Core", "UrhoAssetImporter\UrhoSharp.Viewer.Core\UrhoSharp.Viewer.Core.csproj", "{32185E0C-DD33-498F-9F28-6AD19566A6A6}"
EndProject
Project("{9A19103F-16F7-4668-BE54-9A1E7A4F7556}") = "UrhoSharp.Viewer.Wpf", "UrhoAssetImporter\UrhoSharp.Viewer.Wpf\UrhoSharp.Viewer.Wpf.csproj", "{8F227ED6-125D-4329-91A4-7046524BFB56}"
EndProject
Project("{9A19103F-16F7-4668-BE54-9A1E7A4F7556}") = "Urho.Samples.WPF", "FeatureSamples\Urho.Samples.WPF\Urho.Samples.WPF.csproj", "{31C50A05-BA3A-45BE-A57D-B70CF97345C2}"
EndProject
Project("{2150E333-8FDC-42A3-9474-1A3956D46DE8}") = "BugWorkarounds", "BugWorkarounds", "{B810663F-76C0-44CD-A0D7-DBF2CBA482C9}"
EndProject
Project("{9A19103F-16F7-4668-BE54-9A1E7A4F7556}") = "BugWorkarounds", "BugWorkarounds\BugWorkarounds\BugWorkarounds.csproj", "{3DDB60A9-CCE8-44DD-ABF5-8879759F53A0}"
EndProject
Project("{FAE04EC0-301F-11D3-BF4B-00C04F79EFBC}") = "BugWorkarounds.Droid", "BugWorkarounds\BugWorkarounds.Droid\BugWorkarounds.Droid.csproj", "{E04FF75B-82AD-481B-93E7-99EDFA1F837D}"
EndProject
Project("{2150E333-8FDC-42A3-9474-1A3956D46DE8}") = "ARCore", "ARCore", "{6FC6762B-6B91-48DB-9B97-F61434FBF0FF}"
EndProject
Project("{FAE04EC0-301F-11D3-BF4B-00C04F79EFBC}") = "ARCore", "ARCore\ARCore\ARCore.csproj", "{AA85C818-2BE0-4289-89FB-89220518D945}"
EndProject
Project("{2150E333-8FDC-42A3-9474-1A3956D46DE8}") = "Mixed", "Mixed", "{CD521980-7BC9-47A7-B298-C46A5BD9EF0D}"
EndProject
Project("{2150E333-8FDC-42A3-9474-1A3956D46DE8}") = "AR_", "AR_", "{EEA6C4AB-1451-44D4-8133-2D382D6A520F}"
EndProject
Project("{FAE04EC0-301F-11D3-BF4B-00C04F79EFBC}") = "UrhoAR", "Mixed\AR\UrhoAR\UrhoAR.csproj", "{E35E0156-E7D0-4146-8697-BCC84D31035D}"
EndProject
Project("{FAE04EC0-301F-11D3-BF4B-00C04F79EFBC}") = "UrhoAR.Console", "Mixed\AR\UrhoAR.Console\UrhoAR.Console.csproj", "{E55BBE9C-3A41-46B1-A346-C167E9F65BD0}"
EndProject
Global
	GlobalSection(SolutionConfigurationPlatforms) = preSolution
		Debug|Any CPU = Debug|Any CPU
		Debug|ARM = Debug|ARM
		Debug|ARM64 = Debug|ARM64
		Debug|iPhone = Debug|iPhone
		Debug|iPhoneSimulator = Debug|iPhoneSimulator
		Debug|x64 = Debug|x64
		Debug|x86 = Debug|x86
		Release|Any CPU = Release|Any CPU
		Release|ARM = Release|ARM
		Release|ARM64 = Release|ARM64
		Release|iPhone = Release|iPhone
		Release|iPhoneSimulator = Release|iPhoneSimulator
		Release|x64 = Release|x64
		Release|x86 = Release|x86
	EndGlobalSection
	GlobalSection(ProjectConfigurationPlatforms) = postSolution
		{FB02BFDC-7B46-436F-8D45-A89EA5FACA27}.Debug|Any CPU.ActiveCfg = Debug|Any CPU
		{FB02BFDC-7B46-436F-8D45-A89EA5FACA27}.Debug|Any CPU.Build.0 = Debug|Any CPU
		{FB02BFDC-7B46-436F-8D45-A89EA5FACA27}.Debug|ARM.ActiveCfg = Debug|Any CPU
		{FB02BFDC-7B46-436F-8D45-A89EA5FACA27}.Debug|ARM.Build.0 = Debug|Any CPU
		{FB02BFDC-7B46-436F-8D45-A89EA5FACA27}.Debug|ARM64.ActiveCfg = Debug|Any CPU
		{FB02BFDC-7B46-436F-8D45-A89EA5FACA27}.Debug|ARM64.Build.0 = Debug|Any CPU
		{FB02BFDC-7B46-436F-8D45-A89EA5FACA27}.Debug|iPhone.ActiveCfg = Debug|Any CPU
		{FB02BFDC-7B46-436F-8D45-A89EA5FACA27}.Debug|iPhone.Build.0 = Debug|Any CPU
		{FB02BFDC-7B46-436F-8D45-A89EA5FACA27}.Debug|iPhoneSimulator.ActiveCfg = Debug|Any CPU
		{FB02BFDC-7B46-436F-8D45-A89EA5FACA27}.Debug|iPhoneSimulator.Build.0 = Debug|Any CPU
		{FB02BFDC-7B46-436F-8D45-A89EA5FACA27}.Debug|x64.ActiveCfg = Debug|Any CPU
		{FB02BFDC-7B46-436F-8D45-A89EA5FACA27}.Debug|x64.Build.0 = Debug|Any CPU
		{FB02BFDC-7B46-436F-8D45-A89EA5FACA27}.Debug|x86.ActiveCfg = Debug|Any CPU
		{FB02BFDC-7B46-436F-8D45-A89EA5FACA27}.Debug|x86.Build.0 = Debug|Any CPU
		{FB02BFDC-7B46-436F-8D45-A89EA5FACA27}.Release|Any CPU.ActiveCfg = Release|Any CPU
		{FB02BFDC-7B46-436F-8D45-A89EA5FACA27}.Release|Any CPU.Build.0 = Release|Any CPU
		{FB02BFDC-7B46-436F-8D45-A89EA5FACA27}.Release|ARM.ActiveCfg = Release|Any CPU
		{FB02BFDC-7B46-436F-8D45-A89EA5FACA27}.Release|ARM.Build.0 = Release|Any CPU
		{FB02BFDC-7B46-436F-8D45-A89EA5FACA27}.Release|ARM64.ActiveCfg = Release|Any CPU
		{FB02BFDC-7B46-436F-8D45-A89EA5FACA27}.Release|ARM64.Build.0 = Release|Any CPU
		{FB02BFDC-7B46-436F-8D45-A89EA5FACA27}.Release|iPhone.ActiveCfg = Release|Any CPU
		{FB02BFDC-7B46-436F-8D45-A89EA5FACA27}.Release|iPhone.Build.0 = Release|Any CPU
		{FB02BFDC-7B46-436F-8D45-A89EA5FACA27}.Release|iPhoneSimulator.ActiveCfg = Release|Any CPU
		{FB02BFDC-7B46-436F-8D45-A89EA5FACA27}.Release|iPhoneSimulator.Build.0 = Release|Any CPU
		{FB02BFDC-7B46-436F-8D45-A89EA5FACA27}.Release|x64.ActiveCfg = Release|Any CPU
		{FB02BFDC-7B46-436F-8D45-A89EA5FACA27}.Release|x64.Build.0 = Release|Any CPU
		{FB02BFDC-7B46-436F-8D45-A89EA5FACA27}.Release|x86.ActiveCfg = Release|Any CPU
		{FB02BFDC-7B46-436F-8D45-A89EA5FACA27}.Release|x86.Build.0 = Release|Any CPU
		{08720A8A-3059-4927-BC49-753DA5FA2409}.Debug|Any CPU.ActiveCfg = Debug|Any CPU
		{08720A8A-3059-4927-BC49-753DA5FA2409}.Debug|Any CPU.Build.0 = Debug|Any CPU
		{08720A8A-3059-4927-BC49-753DA5FA2409}.Debug|Any CPU.Deploy.0 = Debug|Any CPU
		{08720A8A-3059-4927-BC49-753DA5FA2409}.Debug|ARM.ActiveCfg = Debug|Any CPU
		{08720A8A-3059-4927-BC49-753DA5FA2409}.Debug|ARM.Build.0 = Debug|Any CPU
		{08720A8A-3059-4927-BC49-753DA5FA2409}.Debug|ARM.Deploy.0 = Debug|Any CPU
		{08720A8A-3059-4927-BC49-753DA5FA2409}.Debug|ARM64.ActiveCfg = Debug|Any CPU
		{08720A8A-3059-4927-BC49-753DA5FA2409}.Debug|ARM64.Build.0 = Debug|Any CPU
		{08720A8A-3059-4927-BC49-753DA5FA2409}.Debug|ARM64.Deploy.0 = Debug|Any CPU
		{08720A8A-3059-4927-BC49-753DA5FA2409}.Debug|iPhone.ActiveCfg = Debug|Any CPU
		{08720A8A-3059-4927-BC49-753DA5FA2409}.Debug|iPhone.Build.0 = Debug|Any CPU
		{08720A8A-3059-4927-BC49-753DA5FA2409}.Debug|iPhone.Deploy.0 = Debug|Any CPU
		{08720A8A-3059-4927-BC49-753DA5FA2409}.Debug|iPhoneSimulator.ActiveCfg = Debug|Any CPU
		{08720A8A-3059-4927-BC49-753DA5FA2409}.Debug|iPhoneSimulator.Build.0 = Debug|Any CPU
		{08720A8A-3059-4927-BC49-753DA5FA2409}.Debug|iPhoneSimulator.Deploy.0 = Debug|Any CPU
		{08720A8A-3059-4927-BC49-753DA5FA2409}.Debug|x64.ActiveCfg = Debug|Any CPU
		{08720A8A-3059-4927-BC49-753DA5FA2409}.Debug|x64.Build.0 = Debug|Any CPU
		{08720A8A-3059-4927-BC49-753DA5FA2409}.Debug|x64.Deploy.0 = Debug|Any CPU
		{08720A8A-3059-4927-BC49-753DA5FA2409}.Debug|x86.ActiveCfg = Debug|Any CPU
		{08720A8A-3059-4927-BC49-753DA5FA2409}.Debug|x86.Build.0 = Debug|Any CPU
		{08720A8A-3059-4927-BC49-753DA5FA2409}.Debug|x86.Deploy.0 = Debug|Any CPU
		{08720A8A-3059-4927-BC49-753DA5FA2409}.Release|Any CPU.ActiveCfg = Release|Any CPU
		{08720A8A-3059-4927-BC49-753DA5FA2409}.Release|Any CPU.Build.0 = Release|Any CPU
		{08720A8A-3059-4927-BC49-753DA5FA2409}.Release|Any CPU.Deploy.0 = Release|Any CPU
		{08720A8A-3059-4927-BC49-753DA5FA2409}.Release|ARM.ActiveCfg = Release|Any CPU
		{08720A8A-3059-4927-BC49-753DA5FA2409}.Release|ARM.Build.0 = Release|Any CPU
		{08720A8A-3059-4927-BC49-753DA5FA2409}.Release|ARM.Deploy.0 = Release|Any CPU
		{08720A8A-3059-4927-BC49-753DA5FA2409}.Release|ARM64.ActiveCfg = Release|Any CPU
		{08720A8A-3059-4927-BC49-753DA5FA2409}.Release|ARM64.Build.0 = Release|Any CPU
		{08720A8A-3059-4927-BC49-753DA5FA2409}.Release|ARM64.Deploy.0 = Release|Any CPU
		{08720A8A-3059-4927-BC49-753DA5FA2409}.Release|iPhone.ActiveCfg = Release|Any CPU
		{08720A8A-3059-4927-BC49-753DA5FA2409}.Release|iPhone.Build.0 = Release|Any CPU
		{08720A8A-3059-4927-BC49-753DA5FA2409}.Release|iPhone.Deploy.0 = Release|Any CPU
		{08720A8A-3059-4927-BC49-753DA5FA2409}.Release|iPhoneSimulator.ActiveCfg = Release|Any CPU
		{08720A8A-3059-4927-BC49-753DA5FA2409}.Release|iPhoneSimulator.Build.0 = Release|Any CPU
		{08720A8A-3059-4927-BC49-753DA5FA2409}.Release|iPhoneSimulator.Deploy.0 = Release|Any CPU
		{08720A8A-3059-4927-BC49-753DA5FA2409}.Release|x64.ActiveCfg = Release|Any CPU
		{08720A8A-3059-4927-BC49-753DA5FA2409}.Release|x64.Build.0 = Release|Any CPU
		{08720A8A-3059-4927-BC49-753DA5FA2409}.Release|x64.Deploy.0 = Release|Any CPU
		{08720A8A-3059-4927-BC49-753DA5FA2409}.Release|x86.ActiveCfg = Release|Any CPU
		{08720A8A-3059-4927-BC49-753DA5FA2409}.Release|x86.Build.0 = Release|Any CPU
		{08720A8A-3059-4927-BC49-753DA5FA2409}.Release|x86.Deploy.0 = Release|Any CPU
		{19BF6FD8-13C0-4424-9664-F650B3655D71}.Debug|Any CPU.ActiveCfg = Debug|Any CPU
		{19BF6FD8-13C0-4424-9664-F650B3655D71}.Debug|Any CPU.Build.0 = Debug|Any CPU
		{19BF6FD8-13C0-4424-9664-F650B3655D71}.Debug|ARM.ActiveCfg = Debug|Any CPU
		{19BF6FD8-13C0-4424-9664-F650B3655D71}.Debug|ARM.Build.0 = Debug|Any CPU
		{19BF6FD8-13C0-4424-9664-F650B3655D71}.Debug|ARM64.ActiveCfg = Debug|Any CPU
		{19BF6FD8-13C0-4424-9664-F650B3655D71}.Debug|ARM64.Build.0 = Debug|Any CPU
		{19BF6FD8-13C0-4424-9664-F650B3655D71}.Debug|iPhone.ActiveCfg = Debug|Any CPU
		{19BF6FD8-13C0-4424-9664-F650B3655D71}.Debug|iPhone.Build.0 = Debug|Any CPU
		{19BF6FD8-13C0-4424-9664-F650B3655D71}.Debug|iPhoneSimulator.ActiveCfg = Debug|Any CPU
		{19BF6FD8-13C0-4424-9664-F650B3655D71}.Debug|iPhoneSimulator.Build.0 = Debug|Any CPU
		{19BF6FD8-13C0-4424-9664-F650B3655D71}.Debug|x64.ActiveCfg = Debug|Any CPU
		{19BF6FD8-13C0-4424-9664-F650B3655D71}.Debug|x64.Build.0 = Debug|Any CPU
		{19BF6FD8-13C0-4424-9664-F650B3655D71}.Debug|x86.ActiveCfg = Debug|Any CPU
		{19BF6FD8-13C0-4424-9664-F650B3655D71}.Debug|x86.Build.0 = Debug|Any CPU
		{19BF6FD8-13C0-4424-9664-F650B3655D71}.Release|Any CPU.ActiveCfg = Release|Any CPU
		{19BF6FD8-13C0-4424-9664-F650B3655D71}.Release|Any CPU.Build.0 = Release|Any CPU
		{19BF6FD8-13C0-4424-9664-F650B3655D71}.Release|ARM.ActiveCfg = Release|Any CPU
		{19BF6FD8-13C0-4424-9664-F650B3655D71}.Release|ARM.Build.0 = Release|Any CPU
		{19BF6FD8-13C0-4424-9664-F650B3655D71}.Release|ARM64.ActiveCfg = Release|Any CPU
		{19BF6FD8-13C0-4424-9664-F650B3655D71}.Release|ARM64.Build.0 = Release|Any CPU
		{19BF6FD8-13C0-4424-9664-F650B3655D71}.Release|iPhone.ActiveCfg = Release|Any CPU
		{19BF6FD8-13C0-4424-9664-F650B3655D71}.Release|iPhone.Build.0 = Release|Any CPU
		{19BF6FD8-13C0-4424-9664-F650B3655D71}.Release|iPhoneSimulator.ActiveCfg = Release|Any CPU
		{19BF6FD8-13C0-4424-9664-F650B3655D71}.Release|iPhoneSimulator.Build.0 = Release|Any CPU
		{19BF6FD8-13C0-4424-9664-F650B3655D71}.Release|x64.ActiveCfg = Release|Any CPU
		{19BF6FD8-13C0-4424-9664-F650B3655D71}.Release|x64.Build.0 = Release|Any CPU
		{19BF6FD8-13C0-4424-9664-F650B3655D71}.Release|x86.ActiveCfg = Release|Any CPU
		{19BF6FD8-13C0-4424-9664-F650B3655D71}.Release|x86.Build.0 = Release|Any CPU
		{9CD99949-B59E-4337-BDFB-9F03D3C330AE}.Debug|Any CPU.ActiveCfg = Debug|iPhone
		{9CD99949-B59E-4337-BDFB-9F03D3C330AE}.Debug|ARM.ActiveCfg = Debug|iPhone
		{9CD99949-B59E-4337-BDFB-9F03D3C330AE}.Debug|ARM64.ActiveCfg = Debug|iPhone
		{9CD99949-B59E-4337-BDFB-9F03D3C330AE}.Debug|iPhone.ActiveCfg = Debug|iPhone
		{9CD99949-B59E-4337-BDFB-9F03D3C330AE}.Debug|iPhone.Build.0 = Debug|iPhone
		{9CD99949-B59E-4337-BDFB-9F03D3C330AE}.Debug|iPhoneSimulator.ActiveCfg = Debug|iPhoneSimulator
		{9CD99949-B59E-4337-BDFB-9F03D3C330AE}.Debug|iPhoneSimulator.Build.0 = Debug|iPhoneSimulator
		{9CD99949-B59E-4337-BDFB-9F03D3C330AE}.Debug|x64.ActiveCfg = Debug|iPhone
		{9CD99949-B59E-4337-BDFB-9F03D3C330AE}.Debug|x86.ActiveCfg = Debug|iPhone
		{9CD99949-B59E-4337-BDFB-9F03D3C330AE}.Release|Any CPU.ActiveCfg = Release|iPhone
		{9CD99949-B59E-4337-BDFB-9F03D3C330AE}.Release|ARM.ActiveCfg = Release|iPhone
		{9CD99949-B59E-4337-BDFB-9F03D3C330AE}.Release|ARM64.ActiveCfg = Release|iPhone
		{9CD99949-B59E-4337-BDFB-9F03D3C330AE}.Release|iPhone.ActiveCfg = Release|iPhone
		{9CD99949-B59E-4337-BDFB-9F03D3C330AE}.Release|iPhone.Build.0 = Release|iPhone
		{9CD99949-B59E-4337-BDFB-9F03D3C330AE}.Release|iPhoneSimulator.ActiveCfg = Release|iPhoneSimulator
		{9CD99949-B59E-4337-BDFB-9F03D3C330AE}.Release|iPhoneSimulator.Build.0 = Release|iPhoneSimulator
		{9CD99949-B59E-4337-BDFB-9F03D3C330AE}.Release|x64.ActiveCfg = Release|iPhone
		{9CD99949-B59E-4337-BDFB-9F03D3C330AE}.Release|x86.ActiveCfg = Release|iPhone
		{183B15BA-7C5F-47AE-A39A-90DE6414F33D}.Debug|Any CPU.ActiveCfg = Debug|x86
		{183B15BA-7C5F-47AE-A39A-90DE6414F33D}.Debug|ARM.ActiveCfg = Debug|ARM
		{183B15BA-7C5F-47AE-A39A-90DE6414F33D}.Debug|ARM.Build.0 = Debug|ARM
		{183B15BA-7C5F-47AE-A39A-90DE6414F33D}.Debug|ARM.Deploy.0 = Debug|ARM
		{183B15BA-7C5F-47AE-A39A-90DE6414F33D}.Debug|ARM64.ActiveCfg = Debug|ARM64
		{183B15BA-7C5F-47AE-A39A-90DE6414F33D}.Debug|ARM64.Build.0 = Debug|ARM64
		{183B15BA-7C5F-47AE-A39A-90DE6414F33D}.Debug|ARM64.Deploy.0 = Debug|ARM64
		{183B15BA-7C5F-47AE-A39A-90DE6414F33D}.Debug|iPhone.ActiveCfg = Debug|x86
		{183B15BA-7C5F-47AE-A39A-90DE6414F33D}.Debug|iPhoneSimulator.ActiveCfg = Debug|x86
		{183B15BA-7C5F-47AE-A39A-90DE6414F33D}.Debug|x64.ActiveCfg = Debug|x64
		{183B15BA-7C5F-47AE-A39A-90DE6414F33D}.Debug|x64.Build.0 = Debug|x64
		{183B15BA-7C5F-47AE-A39A-90DE6414F33D}.Debug|x64.Deploy.0 = Debug|x64
		{183B15BA-7C5F-47AE-A39A-90DE6414F33D}.Debug|x86.ActiveCfg = Debug|x86
		{183B15BA-7C5F-47AE-A39A-90DE6414F33D}.Debug|x86.Build.0 = Debug|x86
		{183B15BA-7C5F-47AE-A39A-90DE6414F33D}.Debug|x86.Deploy.0 = Debug|x86
		{183B15BA-7C5F-47AE-A39A-90DE6414F33D}.Release|Any CPU.ActiveCfg = Release|x86
		{183B15BA-7C5F-47AE-A39A-90DE6414F33D}.Release|ARM.ActiveCfg = Release|ARM
		{183B15BA-7C5F-47AE-A39A-90DE6414F33D}.Release|ARM.Build.0 = Release|ARM
		{183B15BA-7C5F-47AE-A39A-90DE6414F33D}.Release|ARM.Deploy.0 = Release|ARM
		{183B15BA-7C5F-47AE-A39A-90DE6414F33D}.Release|ARM64.ActiveCfg = Release|ARM64
		{183B15BA-7C5F-47AE-A39A-90DE6414F33D}.Release|ARM64.Build.0 = Release|ARM64
		{183B15BA-7C5F-47AE-A39A-90DE6414F33D}.Release|ARM64.Deploy.0 = Release|ARM64
		{183B15BA-7C5F-47AE-A39A-90DE6414F33D}.Release|iPhone.ActiveCfg = Release|x86
		{183B15BA-7C5F-47AE-A39A-90DE6414F33D}.Release|iPhoneSimulator.ActiveCfg = Release|x86
		{183B15BA-7C5F-47AE-A39A-90DE6414F33D}.Release|x64.ActiveCfg = Release|x64
		{183B15BA-7C5F-47AE-A39A-90DE6414F33D}.Release|x64.Build.0 = Release|x64
		{183B15BA-7C5F-47AE-A39A-90DE6414F33D}.Release|x64.Deploy.0 = Release|x64
		{183B15BA-7C5F-47AE-A39A-90DE6414F33D}.Release|x86.ActiveCfg = Release|x86
		{183B15BA-7C5F-47AE-A39A-90DE6414F33D}.Release|x86.Build.0 = Release|x86
		{183B15BA-7C5F-47AE-A39A-90DE6414F33D}.Release|x86.Deploy.0 = Release|x86
		{03F2CF7D-DB70-470F-B1D4-81425B77A552}.Debug|Any CPU.ActiveCfg = Debug|Any CPU
		{03F2CF7D-DB70-470F-B1D4-81425B77A552}.Debug|Any CPU.Build.0 = Debug|Any CPU
		{03F2CF7D-DB70-470F-B1D4-81425B77A552}.Debug|ARM.ActiveCfg = Debug|Any CPU
		{03F2CF7D-DB70-470F-B1D4-81425B77A552}.Debug|ARM.Build.0 = Debug|Any CPU
		{03F2CF7D-DB70-470F-B1D4-81425B77A552}.Debug|ARM64.ActiveCfg = Debug|Any CPU
		{03F2CF7D-DB70-470F-B1D4-81425B77A552}.Debug|ARM64.Build.0 = Debug|Any CPU
		{03F2CF7D-DB70-470F-B1D4-81425B77A552}.Debug|iPhone.ActiveCfg = Debug|Any CPU
		{03F2CF7D-DB70-470F-B1D4-81425B77A552}.Debug|iPhone.Build.0 = Debug|Any CPU
		{03F2CF7D-DB70-470F-B1D4-81425B77A552}.Debug|iPhoneSimulator.ActiveCfg = Debug|Any CPU
		{03F2CF7D-DB70-470F-B1D4-81425B77A552}.Debug|iPhoneSimulator.Build.0 = Debug|Any CPU
		{03F2CF7D-DB70-470F-B1D4-81425B77A552}.Debug|x64.ActiveCfg = Debug|Any CPU
		{03F2CF7D-DB70-470F-B1D4-81425B77A552}.Debug|x64.Build.0 = Debug|Any CPU
		{03F2CF7D-DB70-470F-B1D4-81425B77A552}.Debug|x86.ActiveCfg = Debug|Any CPU
		{03F2CF7D-DB70-470F-B1D4-81425B77A552}.Debug|x86.Build.0 = Debug|Any CPU
		{03F2CF7D-DB70-470F-B1D4-81425B77A552}.Release|Any CPU.ActiveCfg = Release|Any CPU
		{03F2CF7D-DB70-470F-B1D4-81425B77A552}.Release|Any CPU.Build.0 = Release|Any CPU
		{03F2CF7D-DB70-470F-B1D4-81425B77A552}.Release|ARM.ActiveCfg = Release|Any CPU
		{03F2CF7D-DB70-470F-B1D4-81425B77A552}.Release|ARM.Build.0 = Release|Any CPU
		{03F2CF7D-DB70-470F-B1D4-81425B77A552}.Release|ARM64.ActiveCfg = Release|Any CPU
		{03F2CF7D-DB70-470F-B1D4-81425B77A552}.Release|ARM64.Build.0 = Release|Any CPU
		{03F2CF7D-DB70-470F-B1D4-81425B77A552}.Release|iPhone.ActiveCfg = Release|Any CPU
		{03F2CF7D-DB70-470F-B1D4-81425B77A552}.Release|iPhone.Build.0 = Release|Any CPU
		{03F2CF7D-DB70-470F-B1D4-81425B77A552}.Release|iPhoneSimulator.ActiveCfg = Release|Any CPU
		{03F2CF7D-DB70-470F-B1D4-81425B77A552}.Release|iPhoneSimulator.Build.0 = Release|Any CPU
		{03F2CF7D-DB70-470F-B1D4-81425B77A552}.Release|x64.ActiveCfg = Release|Any CPU
		{03F2CF7D-DB70-470F-B1D4-81425B77A552}.Release|x64.Build.0 = Release|Any CPU
		{03F2CF7D-DB70-470F-B1D4-81425B77A552}.Release|x86.ActiveCfg = Release|Any CPU
		{03F2CF7D-DB70-470F-B1D4-81425B77A552}.Release|x86.Build.0 = Release|Any CPU
		{09E8F9AE-2583-4355-856E-234EA748EFCD}.Debug|Any CPU.ActiveCfg = Debug|Any CPU
		{09E8F9AE-2583-4355-856E-234EA748EFCD}.Debug|Any CPU.Build.0 = Debug|Any CPU
		{09E8F9AE-2583-4355-856E-234EA748EFCD}.Debug|Any CPU.Deploy.0 = Debug|Any CPU
		{09E8F9AE-2583-4355-856E-234EA748EFCD}.Debug|ARM.ActiveCfg = Debug|Any CPU
		{09E8F9AE-2583-4355-856E-234EA748EFCD}.Debug|ARM.Build.0 = Debug|Any CPU
		{09E8F9AE-2583-4355-856E-234EA748EFCD}.Debug|ARM.Deploy.0 = Debug|Any CPU
		{09E8F9AE-2583-4355-856E-234EA748EFCD}.Debug|ARM64.ActiveCfg = Debug|Any CPU
		{09E8F9AE-2583-4355-856E-234EA748EFCD}.Debug|ARM64.Build.0 = Debug|Any CPU
		{09E8F9AE-2583-4355-856E-234EA748EFCD}.Debug|ARM64.Deploy.0 = Debug|Any CPU
		{09E8F9AE-2583-4355-856E-234EA748EFCD}.Debug|iPhone.ActiveCfg = Debug|Any CPU
		{09E8F9AE-2583-4355-856E-234EA748EFCD}.Debug|iPhone.Build.0 = Debug|Any CPU
		{09E8F9AE-2583-4355-856E-234EA748EFCD}.Debug|iPhone.Deploy.0 = Debug|Any CPU
		{09E8F9AE-2583-4355-856E-234EA748EFCD}.Debug|iPhoneSimulator.ActiveCfg = Debug|Any CPU
		{09E8F9AE-2583-4355-856E-234EA748EFCD}.Debug|iPhoneSimulator.Build.0 = Debug|Any CPU
		{09E8F9AE-2583-4355-856E-234EA748EFCD}.Debug|iPhoneSimulator.Deploy.0 = Debug|Any CPU
		{09E8F9AE-2583-4355-856E-234EA748EFCD}.Debug|x64.ActiveCfg = Debug|Any CPU
		{09E8F9AE-2583-4355-856E-234EA748EFCD}.Debug|x64.Build.0 = Debug|Any CPU
		{09E8F9AE-2583-4355-856E-234EA748EFCD}.Debug|x64.Deploy.0 = Debug|Any CPU
		{09E8F9AE-2583-4355-856E-234EA748EFCD}.Debug|x86.ActiveCfg = Debug|Any CPU
		{09E8F9AE-2583-4355-856E-234EA748EFCD}.Debug|x86.Build.0 = Debug|Any CPU
		{09E8F9AE-2583-4355-856E-234EA748EFCD}.Debug|x86.Deploy.0 = Debug|Any CPU
		{09E8F9AE-2583-4355-856E-234EA748EFCD}.Release|Any CPU.ActiveCfg = Release|Any CPU
		{09E8F9AE-2583-4355-856E-234EA748EFCD}.Release|Any CPU.Build.0 = Release|Any CPU
		{09E8F9AE-2583-4355-856E-234EA748EFCD}.Release|Any CPU.Deploy.0 = Release|Any CPU
		{09E8F9AE-2583-4355-856E-234EA748EFCD}.Release|ARM.ActiveCfg = Release|Any CPU
		{09E8F9AE-2583-4355-856E-234EA748EFCD}.Release|ARM.Build.0 = Release|Any CPU
		{09E8F9AE-2583-4355-856E-234EA748EFCD}.Release|ARM.Deploy.0 = Release|Any CPU
		{09E8F9AE-2583-4355-856E-234EA748EFCD}.Release|ARM64.ActiveCfg = Release|Any CPU
		{09E8F9AE-2583-4355-856E-234EA748EFCD}.Release|ARM64.Build.0 = Release|Any CPU
		{09E8F9AE-2583-4355-856E-234EA748EFCD}.Release|ARM64.Deploy.0 = Release|Any CPU
		{09E8F9AE-2583-4355-856E-234EA748EFCD}.Release|iPhone.ActiveCfg = Release|Any CPU
		{09E8F9AE-2583-4355-856E-234EA748EFCD}.Release|iPhone.Build.0 = Release|Any CPU
		{09E8F9AE-2583-4355-856E-234EA748EFCD}.Release|iPhone.Deploy.0 = Release|Any CPU
		{09E8F9AE-2583-4355-856E-234EA748EFCD}.Release|iPhoneSimulator.ActiveCfg = Release|Any CPU
		{09E8F9AE-2583-4355-856E-234EA748EFCD}.Release|iPhoneSimulator.Build.0 = Release|Any CPU
		{09E8F9AE-2583-4355-856E-234EA748EFCD}.Release|iPhoneSimulator.Deploy.0 = Release|Any CPU
		{09E8F9AE-2583-4355-856E-234EA748EFCD}.Release|x64.ActiveCfg = Release|Any CPU
		{09E8F9AE-2583-4355-856E-234EA748EFCD}.Release|x64.Build.0 = Release|Any CPU
		{09E8F9AE-2583-4355-856E-234EA748EFCD}.Release|x64.Deploy.0 = Release|Any CPU
		{09E8F9AE-2583-4355-856E-234EA748EFCD}.Release|x86.ActiveCfg = Release|Any CPU
		{09E8F9AE-2583-4355-856E-234EA748EFCD}.Release|x86.Build.0 = Release|Any CPU
		{09E8F9AE-2583-4355-856E-234EA748EFCD}.Release|x86.Deploy.0 = Release|Any CPU
		{6D10B662-229B-4C46-8874-2AC9B7D9C80C}.Debug|Any CPU.ActiveCfg = Debug|iPhone
		{6D10B662-229B-4C46-8874-2AC9B7D9C80C}.Debug|ARM.ActiveCfg = Debug|iPhone
		{6D10B662-229B-4C46-8874-2AC9B7D9C80C}.Debug|ARM64.ActiveCfg = Debug|iPhone
		{6D10B662-229B-4C46-8874-2AC9B7D9C80C}.Debug|iPhone.ActiveCfg = Debug|iPhone
		{6D10B662-229B-4C46-8874-2AC9B7D9C80C}.Debug|iPhone.Build.0 = Debug|iPhone
		{6D10B662-229B-4C46-8874-2AC9B7D9C80C}.Debug|iPhoneSimulator.ActiveCfg = Debug|iPhoneSimulator
		{6D10B662-229B-4C46-8874-2AC9B7D9C80C}.Debug|iPhoneSimulator.Build.0 = Debug|iPhoneSimulator
		{6D10B662-229B-4C46-8874-2AC9B7D9C80C}.Debug|x64.ActiveCfg = Debug|iPhone
		{6D10B662-229B-4C46-8874-2AC9B7D9C80C}.Debug|x86.ActiveCfg = Debug|iPhone
		{6D10B662-229B-4C46-8874-2AC9B7D9C80C}.Release|Any CPU.ActiveCfg = Release|iPhone
		{6D10B662-229B-4C46-8874-2AC9B7D9C80C}.Release|ARM.ActiveCfg = Release|iPhone
		{6D10B662-229B-4C46-8874-2AC9B7D9C80C}.Release|ARM64.ActiveCfg = Release|iPhone
		{6D10B662-229B-4C46-8874-2AC9B7D9C80C}.Release|iPhone.ActiveCfg = Release|iPhone
		{6D10B662-229B-4C46-8874-2AC9B7D9C80C}.Release|iPhone.Build.0 = Release|iPhone
		{6D10B662-229B-4C46-8874-2AC9B7D9C80C}.Release|iPhoneSimulator.ActiveCfg = Release|iPhoneSimulator
		{6D10B662-229B-4C46-8874-2AC9B7D9C80C}.Release|iPhoneSimulator.Build.0 = Release|iPhoneSimulator
		{6D10B662-229B-4C46-8874-2AC9B7D9C80C}.Release|x64.ActiveCfg = Release|iPhone
		{6D10B662-229B-4C46-8874-2AC9B7D9C80C}.Release|x86.ActiveCfg = Release|iPhone
		{14CA5138-1565-4D7C-A085-DFA4703714A9}.Debug|Any CPU.ActiveCfg = Debug|x86
		{14CA5138-1565-4D7C-A085-DFA4703714A9}.Debug|ARM.ActiveCfg = Debug|ARM
		{14CA5138-1565-4D7C-A085-DFA4703714A9}.Debug|ARM.Build.0 = Debug|ARM
		{14CA5138-1565-4D7C-A085-DFA4703714A9}.Debug|ARM.Deploy.0 = Debug|ARM
		{14CA5138-1565-4D7C-A085-DFA4703714A9}.Debug|ARM64.ActiveCfg = Debug|x86
		{14CA5138-1565-4D7C-A085-DFA4703714A9}.Debug|iPhone.ActiveCfg = Debug|x86
		{14CA5138-1565-4D7C-A085-DFA4703714A9}.Debug|iPhoneSimulator.ActiveCfg = Debug|x86
		{14CA5138-1565-4D7C-A085-DFA4703714A9}.Debug|x64.ActiveCfg = Debug|x64
		{14CA5138-1565-4D7C-A085-DFA4703714A9}.Debug|x64.Build.0 = Debug|x64
		{14CA5138-1565-4D7C-A085-DFA4703714A9}.Debug|x64.Deploy.0 = Debug|x64
		{14CA5138-1565-4D7C-A085-DFA4703714A9}.Debug|x86.ActiveCfg = Debug|x86
		{14CA5138-1565-4D7C-A085-DFA4703714A9}.Debug|x86.Build.0 = Debug|x86
		{14CA5138-1565-4D7C-A085-DFA4703714A9}.Debug|x86.Deploy.0 = Debug|x86
		{14CA5138-1565-4D7C-A085-DFA4703714A9}.Release|Any CPU.ActiveCfg = Release|x86
		{14CA5138-1565-4D7C-A085-DFA4703714A9}.Release|ARM.ActiveCfg = Release|ARM
		{14CA5138-1565-4D7C-A085-DFA4703714A9}.Release|ARM.Build.0 = Release|ARM
		{14CA5138-1565-4D7C-A085-DFA4703714A9}.Release|ARM.Deploy.0 = Release|ARM
		{14CA5138-1565-4D7C-A085-DFA4703714A9}.Release|ARM64.ActiveCfg = Release|x86
		{14CA5138-1565-4D7C-A085-DFA4703714A9}.Release|iPhone.ActiveCfg = Release|x86
		{14CA5138-1565-4D7C-A085-DFA4703714A9}.Release|iPhoneSimulator.ActiveCfg = Release|x86
		{14CA5138-1565-4D7C-A085-DFA4703714A9}.Release|x64.ActiveCfg = Release|x64
		{14CA5138-1565-4D7C-A085-DFA4703714A9}.Release|x64.Build.0 = Release|x64
		{14CA5138-1565-4D7C-A085-DFA4703714A9}.Release|x64.Deploy.0 = Release|x64
		{14CA5138-1565-4D7C-A085-DFA4703714A9}.Release|x86.ActiveCfg = Release|x86
		{14CA5138-1565-4D7C-A085-DFA4703714A9}.Release|x86.Build.0 = Release|x86
		{14CA5138-1565-4D7C-A085-DFA4703714A9}.Release|x86.Deploy.0 = Release|x86
		{196099FA-1BE0-46AE-B0A9-38BCB339DCC0}.Debug|Any CPU.ActiveCfg = Debug|Any CPU
		{196099FA-1BE0-46AE-B0A9-38BCB339DCC0}.Debug|Any CPU.Build.0 = Debug|Any CPU
		{196099FA-1BE0-46AE-B0A9-38BCB339DCC0}.Debug|ARM.ActiveCfg = Debug|Any CPU
		{196099FA-1BE0-46AE-B0A9-38BCB339DCC0}.Debug|ARM.Build.0 = Debug|Any CPU
		{196099FA-1BE0-46AE-B0A9-38BCB339DCC0}.Debug|ARM64.ActiveCfg = Debug|Any CPU
		{196099FA-1BE0-46AE-B0A9-38BCB339DCC0}.Debug|ARM64.Build.0 = Debug|Any CPU
		{196099FA-1BE0-46AE-B0A9-38BCB339DCC0}.Debug|iPhone.ActiveCfg = Debug|Any CPU
		{196099FA-1BE0-46AE-B0A9-38BCB339DCC0}.Debug|iPhone.Build.0 = Debug|Any CPU
		{196099FA-1BE0-46AE-B0A9-38BCB339DCC0}.Debug|iPhoneSimulator.ActiveCfg = Debug|Any CPU
		{196099FA-1BE0-46AE-B0A9-38BCB339DCC0}.Debug|iPhoneSimulator.Build.0 = Debug|Any CPU
		{196099FA-1BE0-46AE-B0A9-38BCB339DCC0}.Debug|x64.ActiveCfg = Debug|Any CPU
		{196099FA-1BE0-46AE-B0A9-38BCB339DCC0}.Debug|x64.Build.0 = Debug|Any CPU
		{196099FA-1BE0-46AE-B0A9-38BCB339DCC0}.Debug|x86.ActiveCfg = Debug|Any CPU
		{196099FA-1BE0-46AE-B0A9-38BCB339DCC0}.Debug|x86.Build.0 = Debug|Any CPU
		{196099FA-1BE0-46AE-B0A9-38BCB339DCC0}.Release|Any CPU.ActiveCfg = Release|Any CPU
		{196099FA-1BE0-46AE-B0A9-38BCB339DCC0}.Release|Any CPU.Build.0 = Release|Any CPU
		{196099FA-1BE0-46AE-B0A9-38BCB339DCC0}.Release|ARM.ActiveCfg = Release|Any CPU
		{196099FA-1BE0-46AE-B0A9-38BCB339DCC0}.Release|ARM.Build.0 = Release|Any CPU
		{196099FA-1BE0-46AE-B0A9-38BCB339DCC0}.Release|ARM64.ActiveCfg = Release|Any CPU
		{196099FA-1BE0-46AE-B0A9-38BCB339DCC0}.Release|ARM64.Build.0 = Release|Any CPU
		{196099FA-1BE0-46AE-B0A9-38BCB339DCC0}.Release|iPhone.ActiveCfg = Release|Any CPU
		{196099FA-1BE0-46AE-B0A9-38BCB339DCC0}.Release|iPhone.Build.0 = Release|Any CPU
		{196099FA-1BE0-46AE-B0A9-38BCB339DCC0}.Release|iPhoneSimulator.ActiveCfg = Release|Any CPU
		{196099FA-1BE0-46AE-B0A9-38BCB339DCC0}.Release|iPhoneSimulator.Build.0 = Release|Any CPU
		{196099FA-1BE0-46AE-B0A9-38BCB339DCC0}.Release|x64.ActiveCfg = Release|Any CPU
		{196099FA-1BE0-46AE-B0A9-38BCB339DCC0}.Release|x64.Build.0 = Release|Any CPU
		{196099FA-1BE0-46AE-B0A9-38BCB339DCC0}.Release|x86.ActiveCfg = Release|Any CPU
		{196099FA-1BE0-46AE-B0A9-38BCB339DCC0}.Release|x86.Build.0 = Release|Any CPU
		{B71F2344-9C3E-47B7-ADCE-30A34564E7B4}.Debug|Any CPU.ActiveCfg = Debug|Any CPU
		{B71F2344-9C3E-47B7-ADCE-30A34564E7B4}.Debug|Any CPU.Build.0 = Debug|Any CPU
		{B71F2344-9C3E-47B7-ADCE-30A34564E7B4}.Debug|ARM.ActiveCfg = Debug|Any CPU
		{B71F2344-9C3E-47B7-ADCE-30A34564E7B4}.Debug|ARM.Build.0 = Debug|Any CPU
		{B71F2344-9C3E-47B7-ADCE-30A34564E7B4}.Debug|ARM64.ActiveCfg = Debug|Any CPU
		{B71F2344-9C3E-47B7-ADCE-30A34564E7B4}.Debug|ARM64.Build.0 = Debug|Any CPU
		{B71F2344-9C3E-47B7-ADCE-30A34564E7B4}.Debug|iPhone.ActiveCfg = Debug|Any CPU
		{B71F2344-9C3E-47B7-ADCE-30A34564E7B4}.Debug|iPhone.Build.0 = Debug|Any CPU
		{B71F2344-9C3E-47B7-ADCE-30A34564E7B4}.Debug|iPhoneSimulator.ActiveCfg = Debug|Any CPU
		{B71F2344-9C3E-47B7-ADCE-30A34564E7B4}.Debug|iPhoneSimulator.Build.0 = Debug|Any CPU
		{B71F2344-9C3E-47B7-ADCE-30A34564E7B4}.Debug|x64.ActiveCfg = Debug|Any CPU
		{B71F2344-9C3E-47B7-ADCE-30A34564E7B4}.Debug|x64.Build.0 = Debug|Any CPU
		{B71F2344-9C3E-47B7-ADCE-30A34564E7B4}.Debug|x86.ActiveCfg = Debug|Any CPU
		{B71F2344-9C3E-47B7-ADCE-30A34564E7B4}.Debug|x86.Build.0 = Debug|Any CPU
		{B71F2344-9C3E-47B7-ADCE-30A34564E7B4}.Release|Any CPU.ActiveCfg = Release|Any CPU
		{B71F2344-9C3E-47B7-ADCE-30A34564E7B4}.Release|Any CPU.Build.0 = Release|Any CPU
		{B71F2344-9C3E-47B7-ADCE-30A34564E7B4}.Release|ARM.ActiveCfg = Release|Any CPU
		{B71F2344-9C3E-47B7-ADCE-30A34564E7B4}.Release|ARM.Build.0 = Release|Any CPU
		{B71F2344-9C3E-47B7-ADCE-30A34564E7B4}.Release|ARM64.ActiveCfg = Release|Any CPU
		{B71F2344-9C3E-47B7-ADCE-30A34564E7B4}.Release|ARM64.Build.0 = Release|Any CPU
		{B71F2344-9C3E-47B7-ADCE-30A34564E7B4}.Release|iPhone.ActiveCfg = Release|Any CPU
		{B71F2344-9C3E-47B7-ADCE-30A34564E7B4}.Release|iPhone.Build.0 = Release|Any CPU
		{B71F2344-9C3E-47B7-ADCE-30A34564E7B4}.Release|iPhoneSimulator.ActiveCfg = Release|Any CPU
		{B71F2344-9C3E-47B7-ADCE-30A34564E7B4}.Release|iPhoneSimulator.Build.0 = Release|Any CPU
		{B71F2344-9C3E-47B7-ADCE-30A34564E7B4}.Release|x64.ActiveCfg = Release|Any CPU
		{B71F2344-9C3E-47B7-ADCE-30A34564E7B4}.Release|x64.Build.0 = Release|Any CPU
		{B71F2344-9C3E-47B7-ADCE-30A34564E7B4}.Release|x86.ActiveCfg = Release|Any CPU
		{B71F2344-9C3E-47B7-ADCE-30A34564E7B4}.Release|x86.Build.0 = Release|Any CPU
		{A1A1DCA2-E663-4806-950E-7E0B236F28BD}.Debug|Any CPU.ActiveCfg = Debug|Any CPU
		{A1A1DCA2-E663-4806-950E-7E0B236F28BD}.Debug|Any CPU.Build.0 = Debug|Any CPU
		{A1A1DCA2-E663-4806-950E-7E0B236F28BD}.Debug|Any CPU.Deploy.0 = Debug|Any CPU
		{A1A1DCA2-E663-4806-950E-7E0B236F28BD}.Debug|ARM.ActiveCfg = Debug|Any CPU
		{A1A1DCA2-E663-4806-950E-7E0B236F28BD}.Debug|ARM.Build.0 = Debug|Any CPU
		{A1A1DCA2-E663-4806-950E-7E0B236F28BD}.Debug|ARM.Deploy.0 = Debug|Any CPU
		{A1A1DCA2-E663-4806-950E-7E0B236F28BD}.Debug|ARM64.ActiveCfg = Debug|Any CPU
		{A1A1DCA2-E663-4806-950E-7E0B236F28BD}.Debug|ARM64.Build.0 = Debug|Any CPU
		{A1A1DCA2-E663-4806-950E-7E0B236F28BD}.Debug|ARM64.Deploy.0 = Debug|Any CPU
		{A1A1DCA2-E663-4806-950E-7E0B236F28BD}.Debug|iPhone.ActiveCfg = Debug|Any CPU
		{A1A1DCA2-E663-4806-950E-7E0B236F28BD}.Debug|iPhone.Build.0 = Debug|Any CPU
		{A1A1DCA2-E663-4806-950E-7E0B236F28BD}.Debug|iPhone.Deploy.0 = Debug|Any CPU
		{A1A1DCA2-E663-4806-950E-7E0B236F28BD}.Debug|iPhoneSimulator.ActiveCfg = Debug|Any CPU
		{A1A1DCA2-E663-4806-950E-7E0B236F28BD}.Debug|iPhoneSimulator.Build.0 = Debug|Any CPU
		{A1A1DCA2-E663-4806-950E-7E0B236F28BD}.Debug|iPhoneSimulator.Deploy.0 = Debug|Any CPU
		{A1A1DCA2-E663-4806-950E-7E0B236F28BD}.Debug|x64.ActiveCfg = Debug|Any CPU
		{A1A1DCA2-E663-4806-950E-7E0B236F28BD}.Debug|x64.Build.0 = Debug|Any CPU
		{A1A1DCA2-E663-4806-950E-7E0B236F28BD}.Debug|x64.Deploy.0 = Debug|Any CPU
		{A1A1DCA2-E663-4806-950E-7E0B236F28BD}.Debug|x86.ActiveCfg = Debug|Any CPU
		{A1A1DCA2-E663-4806-950E-7E0B236F28BD}.Debug|x86.Build.0 = Debug|Any CPU
		{A1A1DCA2-E663-4806-950E-7E0B236F28BD}.Debug|x86.Deploy.0 = Debug|Any CPU
		{A1A1DCA2-E663-4806-950E-7E0B236F28BD}.Release|Any CPU.ActiveCfg = Release|Any CPU
		{A1A1DCA2-E663-4806-950E-7E0B236F28BD}.Release|Any CPU.Build.0 = Release|Any CPU
		{A1A1DCA2-E663-4806-950E-7E0B236F28BD}.Release|Any CPU.Deploy.0 = Release|Any CPU
		{A1A1DCA2-E663-4806-950E-7E0B236F28BD}.Release|ARM.ActiveCfg = Release|Any CPU
		{A1A1DCA2-E663-4806-950E-7E0B236F28BD}.Release|ARM.Build.0 = Release|Any CPU
		{A1A1DCA2-E663-4806-950E-7E0B236F28BD}.Release|ARM.Deploy.0 = Release|Any CPU
		{A1A1DCA2-E663-4806-950E-7E0B236F28BD}.Release|ARM64.ActiveCfg = Release|Any CPU
		{A1A1DCA2-E663-4806-950E-7E0B236F28BD}.Release|ARM64.Build.0 = Release|Any CPU
		{A1A1DCA2-E663-4806-950E-7E0B236F28BD}.Release|ARM64.Deploy.0 = Release|Any CPU
		{A1A1DCA2-E663-4806-950E-7E0B236F28BD}.Release|iPhone.ActiveCfg = Release|Any CPU
		{A1A1DCA2-E663-4806-950E-7E0B236F28BD}.Release|iPhone.Build.0 = Release|Any CPU
		{A1A1DCA2-E663-4806-950E-7E0B236F28BD}.Release|iPhone.Deploy.0 = Release|Any CPU
		{A1A1DCA2-E663-4806-950E-7E0B236F28BD}.Release|iPhoneSimulator.ActiveCfg = Release|Any CPU
		{A1A1DCA2-E663-4806-950E-7E0B236F28BD}.Release|iPhoneSimulator.Build.0 = Release|Any CPU
		{A1A1DCA2-E663-4806-950E-7E0B236F28BD}.Release|iPhoneSimulator.Deploy.0 = Release|Any CPU
		{A1A1DCA2-E663-4806-950E-7E0B236F28BD}.Release|x64.ActiveCfg = Release|Any CPU
		{A1A1DCA2-E663-4806-950E-7E0B236F28BD}.Release|x64.Build.0 = Release|Any CPU
		{A1A1DCA2-E663-4806-950E-7E0B236F28BD}.Release|x64.Deploy.0 = Release|Any CPU
		{A1A1DCA2-E663-4806-950E-7E0B236F28BD}.Release|x86.ActiveCfg = Release|Any CPU
		{A1A1DCA2-E663-4806-950E-7E0B236F28BD}.Release|x86.Build.0 = Release|Any CPU
		{A1A1DCA2-E663-4806-950E-7E0B236F28BD}.Release|x86.Deploy.0 = Release|Any CPU
		{F82501ED-DF9F-43C4-B31D-85C1DDDCB0ED}.Debug|Any CPU.ActiveCfg = Debug|iPhone
		{F82501ED-DF9F-43C4-B31D-85C1DDDCB0ED}.Debug|ARM.ActiveCfg = Debug|iPhone
		{F82501ED-DF9F-43C4-B31D-85C1DDDCB0ED}.Debug|ARM64.ActiveCfg = Debug|iPhone
		{F82501ED-DF9F-43C4-B31D-85C1DDDCB0ED}.Debug|iPhone.ActiveCfg = Debug|iPhone
		{F82501ED-DF9F-43C4-B31D-85C1DDDCB0ED}.Debug|iPhone.Build.0 = Debug|iPhone
		{F82501ED-DF9F-43C4-B31D-85C1DDDCB0ED}.Debug|iPhoneSimulator.ActiveCfg = Debug|iPhoneSimulator
		{F82501ED-DF9F-43C4-B31D-85C1DDDCB0ED}.Debug|iPhoneSimulator.Build.0 = Debug|iPhoneSimulator
		{F82501ED-DF9F-43C4-B31D-85C1DDDCB0ED}.Debug|x64.ActiveCfg = Debug|iPhone
		{F82501ED-DF9F-43C4-B31D-85C1DDDCB0ED}.Debug|x86.ActiveCfg = Debug|iPhone
		{F82501ED-DF9F-43C4-B31D-85C1DDDCB0ED}.Release|Any CPU.ActiveCfg = Release|iPhone
		{F82501ED-DF9F-43C4-B31D-85C1DDDCB0ED}.Release|ARM.ActiveCfg = Release|iPhone
		{F82501ED-DF9F-43C4-B31D-85C1DDDCB0ED}.Release|ARM64.ActiveCfg = Release|iPhone
		{F82501ED-DF9F-43C4-B31D-85C1DDDCB0ED}.Release|iPhone.ActiveCfg = Release|iPhone
		{F82501ED-DF9F-43C4-B31D-85C1DDDCB0ED}.Release|iPhone.Build.0 = Release|iPhone
		{F82501ED-DF9F-43C4-B31D-85C1DDDCB0ED}.Release|iPhoneSimulator.ActiveCfg = Release|iPhoneSimulator
		{F82501ED-DF9F-43C4-B31D-85C1DDDCB0ED}.Release|iPhoneSimulator.Build.0 = Release|iPhoneSimulator
		{F82501ED-DF9F-43C4-B31D-85C1DDDCB0ED}.Release|x64.ActiveCfg = Release|iPhone
		{F82501ED-DF9F-43C4-B31D-85C1DDDCB0ED}.Release|x86.ActiveCfg = Release|iPhone
		{32185E0C-DD33-498F-9F28-6AD19566A6A6}.Debug|Any CPU.ActiveCfg = Debug|Any CPU
		{32185E0C-DD33-498F-9F28-6AD19566A6A6}.Debug|Any CPU.Build.0 = Debug|Any CPU
		{32185E0C-DD33-498F-9F28-6AD19566A6A6}.Debug|ARM.ActiveCfg = Debug|Any CPU
		{32185E0C-DD33-498F-9F28-6AD19566A6A6}.Debug|ARM.Build.0 = Debug|Any CPU
		{32185E0C-DD33-498F-9F28-6AD19566A6A6}.Debug|ARM64.ActiveCfg = Debug|Any CPU
		{32185E0C-DD33-498F-9F28-6AD19566A6A6}.Debug|ARM64.Build.0 = Debug|Any CPU
		{32185E0C-DD33-498F-9F28-6AD19566A6A6}.Debug|iPhone.ActiveCfg = Debug|Any CPU
		{32185E0C-DD33-498F-9F28-6AD19566A6A6}.Debug|iPhone.Build.0 = Debug|Any CPU
		{32185E0C-DD33-498F-9F28-6AD19566A6A6}.Debug|iPhoneSimulator.ActiveCfg = Debug|Any CPU
		{32185E0C-DD33-498F-9F28-6AD19566A6A6}.Debug|iPhoneSimulator.Build.0 = Debug|Any CPU
		{32185E0C-DD33-498F-9F28-6AD19566A6A6}.Debug|x64.ActiveCfg = Debug|Any CPU
		{32185E0C-DD33-498F-9F28-6AD19566A6A6}.Debug|x64.Build.0 = Debug|Any CPU
		{32185E0C-DD33-498F-9F28-6AD19566A6A6}.Debug|x86.ActiveCfg = Debug|Any CPU
		{32185E0C-DD33-498F-9F28-6AD19566A6A6}.Debug|x86.Build.0 = Debug|Any CPU
		{32185E0C-DD33-498F-9F28-6AD19566A6A6}.Release|Any CPU.ActiveCfg = Release|Any CPU
		{32185E0C-DD33-498F-9F28-6AD19566A6A6}.Release|Any CPU.Build.0 = Release|Any CPU
		{32185E0C-DD33-498F-9F28-6AD19566A6A6}.Release|ARM.ActiveCfg = Release|Any CPU
		{32185E0C-DD33-498F-9F28-6AD19566A6A6}.Release|ARM.Build.0 = Release|Any CPU
		{32185E0C-DD33-498F-9F28-6AD19566A6A6}.Release|ARM64.ActiveCfg = Release|Any CPU
		{32185E0C-DD33-498F-9F28-6AD19566A6A6}.Release|ARM64.Build.0 = Release|Any CPU
		{32185E0C-DD33-498F-9F28-6AD19566A6A6}.Release|iPhone.ActiveCfg = Release|Any CPU
		{32185E0C-DD33-498F-9F28-6AD19566A6A6}.Release|iPhone.Build.0 = Release|Any CPU
		{32185E0C-DD33-498F-9F28-6AD19566A6A6}.Release|iPhoneSimulator.ActiveCfg = Release|Any CPU
		{32185E0C-DD33-498F-9F28-6AD19566A6A6}.Release|iPhoneSimulator.Build.0 = Release|Any CPU
		{32185E0C-DD33-498F-9F28-6AD19566A6A6}.Release|x64.ActiveCfg = Release|Any CPU
		{32185E0C-DD33-498F-9F28-6AD19566A6A6}.Release|x64.Build.0 = Release|Any CPU
		{32185E0C-DD33-498F-9F28-6AD19566A6A6}.Release|x86.ActiveCfg = Release|Any CPU
		{32185E0C-DD33-498F-9F28-6AD19566A6A6}.Release|x86.Build.0 = Release|Any CPU
		{8F227ED6-125D-4329-91A4-7046524BFB56}.Debug|Any CPU.ActiveCfg = Debug|Any CPU
		{8F227ED6-125D-4329-91A4-7046524BFB56}.Debug|Any CPU.Build.0 = Debug|Any CPU
		{8F227ED6-125D-4329-91A4-7046524BFB56}.Debug|ARM.ActiveCfg = Debug|Any CPU
		{8F227ED6-125D-4329-91A4-7046524BFB56}.Debug|ARM.Build.0 = Debug|Any CPU
		{8F227ED6-125D-4329-91A4-7046524BFB56}.Debug|ARM64.ActiveCfg = Debug|Any CPU
		{8F227ED6-125D-4329-91A4-7046524BFB56}.Debug|ARM64.Build.0 = Debug|Any CPU
		{8F227ED6-125D-4329-91A4-7046524BFB56}.Debug|iPhone.ActiveCfg = Debug|Any CPU
		{8F227ED6-125D-4329-91A4-7046524BFB56}.Debug|iPhone.Build.0 = Debug|Any CPU
		{8F227ED6-125D-4329-91A4-7046524BFB56}.Debug|iPhoneSimulator.ActiveCfg = Debug|Any CPU
		{8F227ED6-125D-4329-91A4-7046524BFB56}.Debug|iPhoneSimulator.Build.0 = Debug|Any CPU
		{8F227ED6-125D-4329-91A4-7046524BFB56}.Debug|x64.ActiveCfg = Debug|Any CPU
		{8F227ED6-125D-4329-91A4-7046524BFB56}.Debug|x64.Build.0 = Debug|Any CPU
		{8F227ED6-125D-4329-91A4-7046524BFB56}.Debug|x86.ActiveCfg = Debug|Any CPU
		{8F227ED6-125D-4329-91A4-7046524BFB56}.Debug|x86.Build.0 = Debug|Any CPU
		{8F227ED6-125D-4329-91A4-7046524BFB56}.Release|Any CPU.ActiveCfg = Release|Any CPU
		{8F227ED6-125D-4329-91A4-7046524BFB56}.Release|Any CPU.Build.0 = Release|Any CPU
		{8F227ED6-125D-4329-91A4-7046524BFB56}.Release|ARM.ActiveCfg = Release|Any CPU
		{8F227ED6-125D-4329-91A4-7046524BFB56}.Release|ARM.Build.0 = Release|Any CPU
		{8F227ED6-125D-4329-91A4-7046524BFB56}.Release|ARM64.ActiveCfg = Release|Any CPU
		{8F227ED6-125D-4329-91A4-7046524BFB56}.Release|ARM64.Build.0 = Release|Any CPU
		{8F227ED6-125D-4329-91A4-7046524BFB56}.Release|iPhone.ActiveCfg = Release|Any CPU
		{8F227ED6-125D-4329-91A4-7046524BFB56}.Release|iPhone.Build.0 = Release|Any CPU
		{8F227ED6-125D-4329-91A4-7046524BFB56}.Release|iPhoneSimulator.ActiveCfg = Release|Any CPU
		{8F227ED6-125D-4329-91A4-7046524BFB56}.Release|iPhoneSimulator.Build.0 = Release|Any CPU
		{8F227ED6-125D-4329-91A4-7046524BFB56}.Release|x64.ActiveCfg = Release|Any CPU
		{8F227ED6-125D-4329-91A4-7046524BFB56}.Release|x64.Build.0 = Release|Any CPU
		{8F227ED6-125D-4329-91A4-7046524BFB56}.Release|x86.ActiveCfg = Release|Any CPU
		{8F227ED6-125D-4329-91A4-7046524BFB56}.Release|x86.Build.0 = Release|Any CPU
		{31C50A05-BA3A-45BE-A57D-B70CF97345C2}.Debug|Any CPU.ActiveCfg = Debug|Any CPU
		{31C50A05-BA3A-45BE-A57D-B70CF97345C2}.Debug|Any CPU.Build.0 = Debug|Any CPU
		{31C50A05-BA3A-45BE-A57D-B70CF97345C2}.Debug|ARM.ActiveCfg = Debug|Any CPU
		{31C50A05-BA3A-45BE-A57D-B70CF97345C2}.Debug|ARM.Build.0 = Debug|Any CPU
		{31C50A05-BA3A-45BE-A57D-B70CF97345C2}.Debug|ARM64.ActiveCfg = Debug|Any CPU
		{31C50A05-BA3A-45BE-A57D-B70CF97345C2}.Debug|ARM64.Build.0 = Debug|Any CPU
		{31C50A05-BA3A-45BE-A57D-B70CF97345C2}.Debug|iPhone.ActiveCfg = Debug|Any CPU
		{31C50A05-BA3A-45BE-A57D-B70CF97345C2}.Debug|iPhone.Build.0 = Debug|Any CPU
		{31C50A05-BA3A-45BE-A57D-B70CF97345C2}.Debug|iPhoneSimulator.ActiveCfg = Debug|Any CPU
		{31C50A05-BA3A-45BE-A57D-B70CF97345C2}.Debug|iPhoneSimulator.Build.0 = Debug|Any CPU
		{31C50A05-BA3A-45BE-A57D-B70CF97345C2}.Debug|x64.ActiveCfg = Debug|Any CPU
		{31C50A05-BA3A-45BE-A57D-B70CF97345C2}.Debug|x64.Build.0 = Debug|Any CPU
		{31C50A05-BA3A-45BE-A57D-B70CF97345C2}.Debug|x86.ActiveCfg = Debug|Any CPU
		{31C50A05-BA3A-45BE-A57D-B70CF97345C2}.Debug|x86.Build.0 = Debug|Any CPU
		{31C50A05-BA3A-45BE-A57D-B70CF97345C2}.Release|Any CPU.ActiveCfg = Release|Any CPU
		{31C50A05-BA3A-45BE-A57D-B70CF97345C2}.Release|Any CPU.Build.0 = Release|Any CPU
		{31C50A05-BA3A-45BE-A57D-B70CF97345C2}.Release|ARM.ActiveCfg = Release|Any CPU
		{31C50A05-BA3A-45BE-A57D-B70CF97345C2}.Release|ARM.Build.0 = Release|Any CPU
		{31C50A05-BA3A-45BE-A57D-B70CF97345C2}.Release|ARM64.ActiveCfg = Release|Any CPU
		{31C50A05-BA3A-45BE-A57D-B70CF97345C2}.Release|ARM64.Build.0 = Release|Any CPU
		{31C50A05-BA3A-45BE-A57D-B70CF97345C2}.Release|iPhone.ActiveCfg = Release|Any CPU
		{31C50A05-BA3A-45BE-A57D-B70CF97345C2}.Release|iPhone.Build.0 = Release|Any CPU
		{31C50A05-BA3A-45BE-A57D-B70CF97345C2}.Release|iPhoneSimulator.ActiveCfg = Release|Any CPU
		{31C50A05-BA3A-45BE-A57D-B70CF97345C2}.Release|iPhoneSimulator.Build.0 = Release|Any CPU
		{31C50A05-BA3A-45BE-A57D-B70CF97345C2}.Release|x64.ActiveCfg = Release|Any CPU
		{31C50A05-BA3A-45BE-A57D-B70CF97345C2}.Release|x64.Build.0 = Release|Any CPU
		{31C50A05-BA3A-45BE-A57D-B70CF97345C2}.Release|x86.ActiveCfg = Release|Any CPU
		{31C50A05-BA3A-45BE-A57D-B70CF97345C2}.Release|x86.Build.0 = Release|Any CPU
		{3DDB60A9-CCE8-44DD-ABF5-8879759F53A0}.Debug|Any CPU.ActiveCfg = Debug|Any CPU
		{3DDB60A9-CCE8-44DD-ABF5-8879759F53A0}.Debug|Any CPU.Build.0 = Debug|Any CPU
		{3DDB60A9-CCE8-44DD-ABF5-8879759F53A0}.Debug|ARM.ActiveCfg = Debug|Any CPU
		{3DDB60A9-CCE8-44DD-ABF5-8879759F53A0}.Debug|ARM.Build.0 = Debug|Any CPU
		{3DDB60A9-CCE8-44DD-ABF5-8879759F53A0}.Debug|ARM64.ActiveCfg = Debug|Any CPU
		{3DDB60A9-CCE8-44DD-ABF5-8879759F53A0}.Debug|ARM64.Build.0 = Debug|Any CPU
		{3DDB60A9-CCE8-44DD-ABF5-8879759F53A0}.Debug|iPhone.ActiveCfg = Debug|Any CPU
		{3DDB60A9-CCE8-44DD-ABF5-8879759F53A0}.Debug|iPhone.Build.0 = Debug|Any CPU
		{3DDB60A9-CCE8-44DD-ABF5-8879759F53A0}.Debug|iPhoneSimulator.ActiveCfg = Debug|Any CPU
		{3DDB60A9-CCE8-44DD-ABF5-8879759F53A0}.Debug|iPhoneSimulator.Build.0 = Debug|Any CPU
		{3DDB60A9-CCE8-44DD-ABF5-8879759F53A0}.Debug|x64.ActiveCfg = Debug|Any CPU
		{3DDB60A9-CCE8-44DD-ABF5-8879759F53A0}.Debug|x64.Build.0 = Debug|Any CPU
		{3DDB60A9-CCE8-44DD-ABF5-8879759F53A0}.Debug|x86.ActiveCfg = Debug|Any CPU
		{3DDB60A9-CCE8-44DD-ABF5-8879759F53A0}.Debug|x86.Build.0 = Debug|Any CPU
		{3DDB60A9-CCE8-44DD-ABF5-8879759F53A0}.Release|Any CPU.ActiveCfg = Release|Any CPU
		{3DDB60A9-CCE8-44DD-ABF5-8879759F53A0}.Release|Any CPU.Build.0 = Release|Any CPU
		{3DDB60A9-CCE8-44DD-ABF5-8879759F53A0}.Release|ARM.ActiveCfg = Release|Any CPU
		{3DDB60A9-CCE8-44DD-ABF5-8879759F53A0}.Release|ARM.Build.0 = Release|Any CPU
		{3DDB60A9-CCE8-44DD-ABF5-8879759F53A0}.Release|ARM64.ActiveCfg = Release|Any CPU
		{3DDB60A9-CCE8-44DD-ABF5-8879759F53A0}.Release|ARM64.Build.0 = Release|Any CPU
		{3DDB60A9-CCE8-44DD-ABF5-8879759F53A0}.Release|iPhone.ActiveCfg = Release|Any CPU
		{3DDB60A9-CCE8-44DD-ABF5-8879759F53A0}.Release|iPhone.Build.0 = Release|Any CPU
		{3DDB60A9-CCE8-44DD-ABF5-8879759F53A0}.Release|iPhoneSimulator.ActiveCfg = Release|Any CPU
		{3DDB60A9-CCE8-44DD-ABF5-8879759F53A0}.Release|iPhoneSimulator.Build.0 = Release|Any CPU
		{3DDB60A9-CCE8-44DD-ABF5-8879759F53A0}.Release|x64.ActiveCfg = Release|Any CPU
		{3DDB60A9-CCE8-44DD-ABF5-8879759F53A0}.Release|x64.Build.0 = Release|Any CPU
		{3DDB60A9-CCE8-44DD-ABF5-8879759F53A0}.Release|x86.ActiveCfg = Release|Any CPU
		{3DDB60A9-CCE8-44DD-ABF5-8879759F53A0}.Release|x86.Build.0 = Release|Any CPU
		{E04FF75B-82AD-481B-93E7-99EDFA1F837D}.Debug|Any CPU.ActiveCfg = Debug|Any CPU
		{E04FF75B-82AD-481B-93E7-99EDFA1F837D}.Debug|Any CPU.Build.0 = Debug|Any CPU
		{E04FF75B-82AD-481B-93E7-99EDFA1F837D}.Debug|Any CPU.Deploy.0 = Debug|Any CPU
		{E04FF75B-82AD-481B-93E7-99EDFA1F837D}.Debug|ARM.ActiveCfg = Debug|Any CPU
		{E04FF75B-82AD-481B-93E7-99EDFA1F837D}.Debug|ARM.Build.0 = Debug|Any CPU
		{E04FF75B-82AD-481B-93E7-99EDFA1F837D}.Debug|ARM.Deploy.0 = Debug|Any CPU
		{E04FF75B-82AD-481B-93E7-99EDFA1F837D}.Debug|ARM64.ActiveCfg = Debug|Any CPU
		{E04FF75B-82AD-481B-93E7-99EDFA1F837D}.Debug|ARM64.Build.0 = Debug|Any CPU
		{E04FF75B-82AD-481B-93E7-99EDFA1F837D}.Debug|ARM64.Deploy.0 = Debug|Any CPU
		{E04FF75B-82AD-481B-93E7-99EDFA1F837D}.Debug|iPhone.ActiveCfg = Debug|Any CPU
		{E04FF75B-82AD-481B-93E7-99EDFA1F837D}.Debug|iPhone.Build.0 = Debug|Any CPU
		{E04FF75B-82AD-481B-93E7-99EDFA1F837D}.Debug|iPhone.Deploy.0 = Debug|Any CPU
		{E04FF75B-82AD-481B-93E7-99EDFA1F837D}.Debug|iPhoneSimulator.ActiveCfg = Debug|Any CPU
		{E04FF75B-82AD-481B-93E7-99EDFA1F837D}.Debug|iPhoneSimulator.Build.0 = Debug|Any CPU
		{E04FF75B-82AD-481B-93E7-99EDFA1F837D}.Debug|iPhoneSimulator.Deploy.0 = Debug|Any CPU
		{E04FF75B-82AD-481B-93E7-99EDFA1F837D}.Debug|x64.ActiveCfg = Debug|Any CPU
		{E04FF75B-82AD-481B-93E7-99EDFA1F837D}.Debug|x64.Build.0 = Debug|Any CPU
		{E04FF75B-82AD-481B-93E7-99EDFA1F837D}.Debug|x64.Deploy.0 = Debug|Any CPU
		{E04FF75B-82AD-481B-93E7-99EDFA1F837D}.Debug|x86.ActiveCfg = Debug|Any CPU
		{E04FF75B-82AD-481B-93E7-99EDFA1F837D}.Debug|x86.Build.0 = Debug|Any CPU
		{E04FF75B-82AD-481B-93E7-99EDFA1F837D}.Debug|x86.Deploy.0 = Debug|Any CPU
		{E04FF75B-82AD-481B-93E7-99EDFA1F837D}.Release|Any CPU.ActiveCfg = Release|Any CPU
		{E04FF75B-82AD-481B-93E7-99EDFA1F837D}.Release|Any CPU.Build.0 = Release|Any CPU
		{E04FF75B-82AD-481B-93E7-99EDFA1F837D}.Release|Any CPU.Deploy.0 = Release|Any CPU
		{E04FF75B-82AD-481B-93E7-99EDFA1F837D}.Release|ARM.ActiveCfg = Release|Any CPU
		{E04FF75B-82AD-481B-93E7-99EDFA1F837D}.Release|ARM.Build.0 = Release|Any CPU
		{E04FF75B-82AD-481B-93E7-99EDFA1F837D}.Release|ARM.Deploy.0 = Release|Any CPU
		{E04FF75B-82AD-481B-93E7-99EDFA1F837D}.Release|ARM64.ActiveCfg = Release|Any CPU
		{E04FF75B-82AD-481B-93E7-99EDFA1F837D}.Release|ARM64.Build.0 = Release|Any CPU
		{E04FF75B-82AD-481B-93E7-99EDFA1F837D}.Release|ARM64.Deploy.0 = Release|Any CPU
		{E04FF75B-82AD-481B-93E7-99EDFA1F837D}.Release|iPhone.ActiveCfg = Release|Any CPU
		{E04FF75B-82AD-481B-93E7-99EDFA1F837D}.Release|iPhone.Build.0 = Release|Any CPU
		{E04FF75B-82AD-481B-93E7-99EDFA1F837D}.Release|iPhone.Deploy.0 = Release|Any CPU
		{E04FF75B-82AD-481B-93E7-99EDFA1F837D}.Release|iPhoneSimulator.ActiveCfg = Release|Any CPU
		{E04FF75B-82AD-481B-93E7-99EDFA1F837D}.Release|iPhoneSimulator.Build.0 = Release|Any CPU
		{E04FF75B-82AD-481B-93E7-99EDFA1F837D}.Release|iPhoneSimulator.Deploy.0 = Release|Any CPU
		{E04FF75B-82AD-481B-93E7-99EDFA1F837D}.Release|x64.ActiveCfg = Release|Any CPU
		{E04FF75B-82AD-481B-93E7-99EDFA1F837D}.Release|x64.Build.0 = Release|Any CPU
		{E04FF75B-82AD-481B-93E7-99EDFA1F837D}.Release|x64.Deploy.0 = Release|Any CPU
		{E04FF75B-82AD-481B-93E7-99EDFA1F837D}.Release|x86.ActiveCfg = Release|Any CPU
		{E04FF75B-82AD-481B-93E7-99EDFA1F837D}.Release|x86.Build.0 = Release|Any CPU
		{E04FF75B-82AD-481B-93E7-99EDFA1F837D}.Release|x86.Deploy.0 = Release|Any CPU
		{AA85C818-2BE0-4289-89FB-89220518D945}.Debug|Any CPU.ActiveCfg = Debug|Any CPU
		{AA85C818-2BE0-4289-89FB-89220518D945}.Debug|Any CPU.Build.0 = Debug|Any CPU
		{AA85C818-2BE0-4289-89FB-89220518D945}.Debug|Any CPU.Deploy.0 = Debug|Any CPU
		{AA85C818-2BE0-4289-89FB-89220518D945}.Debug|ARM.ActiveCfg = Debug|Any CPU
		{AA85C818-2BE0-4289-89FB-89220518D945}.Debug|ARM.Build.0 = Debug|Any CPU
		{AA85C818-2BE0-4289-89FB-89220518D945}.Debug|ARM.Deploy.0 = Debug|Any CPU
		{AA85C818-2BE0-4289-89FB-89220518D945}.Debug|ARM64.ActiveCfg = Debug|Any CPU
		{AA85C818-2BE0-4289-89FB-89220518D945}.Debug|ARM64.Build.0 = Debug|Any CPU
		{AA85C818-2BE0-4289-89FB-89220518D945}.Debug|ARM64.Deploy.0 = Debug|Any CPU
		{AA85C818-2BE0-4289-89FB-89220518D945}.Debug|iPhone.ActiveCfg = Debug|Any CPU
		{AA85C818-2BE0-4289-89FB-89220518D945}.Debug|iPhone.Build.0 = Debug|Any CPU
		{AA85C818-2BE0-4289-89FB-89220518D945}.Debug|iPhone.Deploy.0 = Debug|Any CPU
		{AA85C818-2BE0-4289-89FB-89220518D945}.Debug|iPhoneSimulator.ActiveCfg = Debug|Any CPU
		{AA85C818-2BE0-4289-89FB-89220518D945}.Debug|iPhoneSimulator.Build.0 = Debug|Any CPU
		{AA85C818-2BE0-4289-89FB-89220518D945}.Debug|iPhoneSimulator.Deploy.0 = Debug|Any CPU
		{AA85C818-2BE0-4289-89FB-89220518D945}.Debug|x64.ActiveCfg = Debug|Any CPU
		{AA85C818-2BE0-4289-89FB-89220518D945}.Debug|x64.Build.0 = Debug|Any CPU
		{AA85C818-2BE0-4289-89FB-89220518D945}.Debug|x64.Deploy.0 = Debug|Any CPU
		{AA85C818-2BE0-4289-89FB-89220518D945}.Debug|x86.ActiveCfg = Debug|Any CPU
		{AA85C818-2BE0-4289-89FB-89220518D945}.Debug|x86.Build.0 = Debug|Any CPU
		{AA85C818-2BE0-4289-89FB-89220518D945}.Debug|x86.Deploy.0 = Debug|Any CPU
		{AA85C818-2BE0-4289-89FB-89220518D945}.Release|Any CPU.ActiveCfg = Release|Any CPU
		{AA85C818-2BE0-4289-89FB-89220518D945}.Release|Any CPU.Build.0 = Release|Any CPU
		{AA85C818-2BE0-4289-89FB-89220518D945}.Release|Any CPU.Deploy.0 = Release|Any CPU
		{AA85C818-2BE0-4289-89FB-89220518D945}.Release|ARM.ActiveCfg = Release|Any CPU
		{AA85C818-2BE0-4289-89FB-89220518D945}.Release|ARM.Build.0 = Release|Any CPU
		{AA85C818-2BE0-4289-89FB-89220518D945}.Release|ARM.Deploy.0 = Release|Any CPU
		{AA85C818-2BE0-4289-89FB-89220518D945}.Release|ARM64.ActiveCfg = Release|Any CPU
		{AA85C818-2BE0-4289-89FB-89220518D945}.Release|ARM64.Build.0 = Release|Any CPU
		{AA85C818-2BE0-4289-89FB-89220518D945}.Release|ARM64.Deploy.0 = Release|Any CPU
		{AA85C818-2BE0-4289-89FB-89220518D945}.Release|iPhone.ActiveCfg = Release|Any CPU
		{AA85C818-2BE0-4289-89FB-89220518D945}.Release|iPhone.Build.0 = Release|Any CPU
		{AA85C818-2BE0-4289-89FB-89220518D945}.Release|iPhone.Deploy.0 = Release|Any CPU
		{AA85C818-2BE0-4289-89FB-89220518D945}.Release|iPhoneSimulator.ActiveCfg = Release|Any CPU
		{AA85C818-2BE0-4289-89FB-89220518D945}.Release|iPhoneSimulator.Build.0 = Release|Any CPU
		{AA85C818-2BE0-4289-89FB-89220518D945}.Release|iPhoneSimulator.Deploy.0 = Release|Any CPU
		{AA85C818-2BE0-4289-89FB-89220518D945}.Release|x64.ActiveCfg = Release|Any CPU
		{AA85C818-2BE0-4289-89FB-89220518D945}.Release|x64.Build.0 = Release|Any CPU
		{AA85C818-2BE0-4289-89FB-89220518D945}.Release|x64.Deploy.0 = Release|Any CPU
		{AA85C818-2BE0-4289-89FB-89220518D945}.Release|x86.ActiveCfg = Release|Any CPU
		{AA85C818-2BE0-4289-89FB-89220518D945}.Release|x86.Build.0 = Release|Any CPU
		{AA85C818-2BE0-4289-89FB-89220518D945}.Release|x86.Deploy.0 = Release|Any CPU
		{E35E0156-E7D0-4146-8697-BCC84D31035D}.Debug|Any CPU.ActiveCfg = Debug|Any CPU
		{E35E0156-E7D0-4146-8697-BCC84D31035D}.Debug|Any CPU.Build.0 = Debug|Any CPU
		{E35E0156-E7D0-4146-8697-BCC84D31035D}.Debug|ARM.ActiveCfg = Debug|Any CPU
		{E35E0156-E7D0-4146-8697-BCC84D31035D}.Debug|ARM.Build.0 = Debug|Any CPU
		{E35E0156-E7D0-4146-8697-BCC84D31035D}.Debug|ARM64.ActiveCfg = Debug|Any CPU
		{E35E0156-E7D0-4146-8697-BCC84D31035D}.Debug|ARM64.Build.0 = Debug|Any CPU
		{E35E0156-E7D0-4146-8697-BCC84D31035D}.Debug|iPhone.ActiveCfg = Debug|Any CPU
		{E35E0156-E7D0-4146-8697-BCC84D31035D}.Debug|iPhone.Build.0 = Debug|Any CPU
		{E35E0156-E7D0-4146-8697-BCC84D31035D}.Debug|iPhoneSimulator.ActiveCfg = Debug|Any CPU
		{E35E0156-E7D0-4146-8697-BCC84D31035D}.Debug|iPhoneSimulator.Build.0 = Debug|Any CPU
		{E35E0156-E7D0-4146-8697-BCC84D31035D}.Debug|x64.ActiveCfg = Debug|Any CPU
		{E35E0156-E7D0-4146-8697-BCC84D31035D}.Debug|x64.Build.0 = Debug|Any CPU
		{E35E0156-E7D0-4146-8697-BCC84D31035D}.Debug|x86.ActiveCfg = Debug|Any CPU
		{E35E0156-E7D0-4146-8697-BCC84D31035D}.Debug|x86.Build.0 = Debug|Any CPU
		{E35E0156-E7D0-4146-8697-BCC84D31035D}.Release|Any CPU.ActiveCfg = Release|Any CPU
		{E35E0156-E7D0-4146-8697-BCC84D31035D}.Release|Any CPU.Build.0 = Release|Any CPU
		{E35E0156-E7D0-4146-8697-BCC84D31035D}.Release|ARM.ActiveCfg = Release|Any CPU
		{E35E0156-E7D0-4146-8697-BCC84D31035D}.Release|ARM.Build.0 = Release|Any CPU
		{E35E0156-E7D0-4146-8697-BCC84D31035D}.Release|ARM64.ActiveCfg = Release|Any CPU
		{E35E0156-E7D0-4146-8697-BCC84D31035D}.Release|ARM64.Build.0 = Release|Any CPU
		{E35E0156-E7D0-4146-8697-BCC84D31035D}.Release|iPhone.ActiveCfg = Release|Any CPU
		{E35E0156-E7D0-4146-8697-BCC84D31035D}.Release|iPhone.Build.0 = Release|Any CPU
		{E35E0156-E7D0-4146-8697-BCC84D31035D}.Release|iPhoneSimulator.ActiveCfg = Release|Any CPU
		{E35E0156-E7D0-4146-8697-BCC84D31035D}.Release|iPhoneSimulator.Build.0 = Release|Any CPU
		{E35E0156-E7D0-4146-8697-BCC84D31035D}.Release|x64.ActiveCfg = Release|Any CPU
		{E35E0156-E7D0-4146-8697-BCC84D31035D}.Release|x64.Build.0 = Release|Any CPU
		{E35E0156-E7D0-4146-8697-BCC84D31035D}.Release|x86.ActiveCfg = Release|Any CPU
		{E35E0156-E7D0-4146-8697-BCC84D31035D}.Release|x86.Build.0 = Release|Any CPU
		{E55BBE9C-3A41-46B1-A346-C167E9F65BD0}.Debug|Any CPU.ActiveCfg = Debug|Any CPU
		{E55BBE9C-3A41-46B1-A346-C167E9F65BD0}.Debug|Any CPU.Build.0 = Debug|Any CPU
		{E55BBE9C-3A41-46B1-A346-C167E9F65BD0}.Debug|ARM.ActiveCfg = Debug|Any CPU
		{E55BBE9C-3A41-46B1-A346-C167E9F65BD0}.Debug|ARM.Build.0 = Debug|Any CPU
		{E55BBE9C-3A41-46B1-A346-C167E9F65BD0}.Debug|ARM64.ActiveCfg = Debug|Any CPU
		{E55BBE9C-3A41-46B1-A346-C167E9F65BD0}.Debug|ARM64.Build.0 = Debug|Any CPU
		{E55BBE9C-3A41-46B1-A346-C167E9F65BD0}.Debug|iPhone.ActiveCfg = Debug|Any CPU
		{E55BBE9C-3A41-46B1-A346-C167E9F65BD0}.Debug|iPhone.Build.0 = Debug|Any CPU
		{E55BBE9C-3A41-46B1-A346-C167E9F65BD0}.Debug|iPhoneSimulator.ActiveCfg = Debug|Any CPU
		{E55BBE9C-3A41-46B1-A346-C167E9F65BD0}.Debug|iPhoneSimulator.Build.0 = Debug|Any CPU
		{E55BBE9C-3A41-46B1-A346-C167E9F65BD0}.Debug|x64.ActiveCfg = Debug|Any CPU
		{E55BBE9C-3A41-46B1-A346-C167E9F65BD0}.Debug|x64.Build.0 = Debug|Any CPU
		{E55BBE9C-3A41-46B1-A346-C167E9F65BD0}.Debug|x86.ActiveCfg = Debug|Any CPU
		{E55BBE9C-3A41-46B1-A346-C167E9F65BD0}.Debug|x86.Build.0 = Debug|Any CPU
		{E55BBE9C-3A41-46B1-A346-C167E9F65BD0}.Release|Any CPU.ActiveCfg = Release|Any CPU
		{E55BBE9C-3A41-46B1-A346-C167E9F65BD0}.Release|Any CPU.Build.0 = Release|Any CPU
		{E55BBE9C-3A41-46B1-A346-C167E9F65BD0}.Release|ARM.ActiveCfg = Release|Any CPU
		{E55BBE9C-3A41-46B1-A346-C167E9F65BD0}.Release|ARM.Build.0 = Release|Any CPU
		{E55BBE9C-3A41-46B1-A346-C167E9F65BD0}.Release|ARM64.ActiveCfg = Release|Any CPU
		{E55BBE9C-3A41-46B1-A346-C167E9F65BD0}.Release|ARM64.Build.0 = Release|Any CPU
		{E55BBE9C-3A41-46B1-A346-C167E9F65BD0}.Release|iPhone.ActiveCfg = Release|Any CPU
		{E55BBE9C-3A41-46B1-A346-C167E9F65BD0}.Release|iPhone.Build.0 = Release|Any CPU
		{E55BBE9C-3A41-46B1-A346-C167E9F65BD0}.Release|iPhoneSimulator.ActiveCfg = Release|Any CPU
		{E55BBE9C-3A41-46B1-A346-C167E9F65BD0}.Release|iPhoneSimulator.Build.0 = Release|Any CPU
		{E55BBE9C-3A41-46B1-A346-C167E9F65BD0}.Release|x64.ActiveCfg = Release|Any CPU
		{E55BBE9C-3A41-46B1-A346-C167E9F65BD0}.Release|x64.Build.0 = Release|Any CPU
		{E55BBE9C-3A41-46B1-A346-C167E9F65BD0}.Release|x86.ActiveCfg = Release|Any CPU
		{E55BBE9C-3A41-46B1-A346-C167E9F65BD0}.Release|x86.Build.0 = Release|Any CPU
	EndGlobalSection
	GlobalSection(SolutionProperties) = preSolution
		HideSolutionNode = FALSE
	EndGlobalSection
	GlobalSection(NestedProjects) = preSolution
		{FB02BFDC-7B46-436F-8D45-A89EA5FACA27} = {5A74C4AB-937A-4AF9-810C-B994AA78B70A}
		{08720A8A-3059-4927-BC49-753DA5FA2409} = {5A74C4AB-937A-4AF9-810C-B994AA78B70A}
		{19BF6FD8-13C0-4424-9664-F650B3655D71} = {5A74C4AB-937A-4AF9-810C-B994AA78B70A}
		{9CD99949-B59E-4337-BDFB-9F03D3C330AE} = {5A74C4AB-937A-4AF9-810C-B994AA78B70A}
		{183B15BA-7C5F-47AE-A39A-90DE6414F33D} = {5A74C4AB-937A-4AF9-810C-B994AA78B70A}
		{03F2CF7D-DB70-470F-B1D4-81425B77A552} = {9DCD2499-FB5D-4260-802D-4252062BE4EC}
		{09E8F9AE-2583-4355-856E-234EA748EFCD} = {9DCD2499-FB5D-4260-802D-4252062BE4EC}
		{6D10B662-229B-4C46-8874-2AC9B7D9C80C} = {9DCD2499-FB5D-4260-802D-4252062BE4EC}
		{14CA5138-1565-4D7C-A085-DFA4703714A9} = {9DCD2499-FB5D-4260-802D-4252062BE4EC}
		{196099FA-1BE0-46AE-B0A9-38BCB339DCC0} = {883C59B9-3D05-45FB-96F5-C1AC3B48C72F}
		{B71F2344-9C3E-47B7-ADCE-30A34564E7B4} = {883C59B9-3D05-45FB-96F5-C1AC3B48C72F}
		{A1A1DCA2-E663-4806-950E-7E0B236F28BD} = {883C59B9-3D05-45FB-96F5-C1AC3B48C72F}
		{F82501ED-DF9F-43C4-B31D-85C1DDDCB0ED} = {883C59B9-3D05-45FB-96F5-C1AC3B48C72F}
		{32185E0C-DD33-498F-9F28-6AD19566A6A6} = {4D3C4F4E-2A02-4BA4-8656-C7893BA71866}
		{8F227ED6-125D-4329-91A4-7046524BFB56} = {4D3C4F4E-2A02-4BA4-8656-C7893BA71866}
		{31C50A05-BA3A-45BE-A57D-B70CF97345C2} = {5A74C4AB-937A-4AF9-810C-B994AA78B70A}
		{3DDB60A9-CCE8-44DD-ABF5-8879759F53A0} = {B810663F-76C0-44CD-A0D7-DBF2CBA482C9}
		{E04FF75B-82AD-481B-93E7-99EDFA1F837D} = {B810663F-76C0-44CD-A0D7-DBF2CBA482C9}
		{AA85C818-2BE0-4289-89FB-89220518D945} = {6FC6762B-6B91-48DB-9B97-F61434FBF0FF}
		{EEA6C4AB-1451-44D4-8133-2D382D6A520F} = {CD521980-7BC9-47A7-B298-C46A5BD9EF0D}
		{E35E0156-E7D0-4146-8697-BCC84D31035D} = {EEA6C4AB-1451-44D4-8133-2D382D6A520F}
		{E55BBE9C-3A41-46B1-A346-C167E9F65BD0} = {EEA6C4AB-1451-44D4-8133-2D382D6A520F}
	EndGlobalSection
	GlobalSection(ExtensibilityGlobals) = postSolution
		SolutionGuid = {597EF262-0488-4136-A16C-FEEE4E563DAD}
	EndGlobalSection
EndGlobal
