
Microsoft Visual Studio Solution File, Format Version 12.00
# Visual Studio Version 16
VisualStudioVersion = 16.0.28922.388
MinimumVisualStudioVersion = 15.0.26124.0
Project("{9A19103F-16F7-4668-BE54-9A1E7A4F7556}") = "Urho.Samples", "Urho.Samples\Urho.Samples.csproj", "{C12A38C9-A18B-475F-9D33-7C4FC57EF154}"
EndProject
Project("{9A19103F-16F7-4668-BE54-9A1E7A4F7556}") = "Urho.Samples.Desktop", "Urho.Samples.Desktop\Urho.Samples.Desktop.csproj", "{917BA062-71A6-4358-9C7A-75BEAA45DF22}"
EndProject
Project("{FAE04EC0-301F-11D3-BF4B-00C04F79EFBC}") = "Urho.Samples.Droid", "Urho.Samples.Droid\Urho.Samples.Droid.csproj", "{08720A8A-3059-4927-BC49-753DA5FA2409}"
EndProject
Project("{FAE04EC0-301F-11D3-BF4B-00C04F79EFBC}") = "Urho.Samples.iOS", "Urho.Samples.iOS\Urho.Samples.iOS.csproj", "{9CD99949-B59E-4337-BDFB-9F03D3C330AE}"
EndProject
Project("{FAE04EC0-301F-11D3-BF4B-00C04F79EFBC}") = "Urho.Samples.UWP", "Urho.Samples.UWP\Urho.Samples.UWP.csproj", "{183B15BA-7C5F-47AE-A39A-90DE6414F33D}"
EndProject
Project("{9A19103F-16F7-4668-BE54-9A1E7A4F7556}") = "Urho.Samples.WPF", "Urho.Samples.WPF\Urho.Samples.WPF.csproj", "{CE173EB1-4080-40FA-9AAE-4A1E20CF9731}"
EndProject
Global
	GlobalSection(SolutionConfigurationPlatforms) = preSolution
		Debug|Any CPU = Debug|Any CPU
		Debug|ARM = Debug|ARM
		Debug|ARM64 = Debug|ARM64
		Debug|iPhone = Debug|iPhone
		Debug|iPhoneSimulator = Debug|iPhoneSimulator
		Debug|x64 = Debug|x64
		Debug|x86 = Debug|x86
		Release|Any CPU = Release|Any CPU
		Release|ARM = Release|ARM
		Release|ARM64 = Release|ARM64
		Release|iPhone = Release|iPhone
		Release|iPhoneSimulator = Release|iPhoneSimulator
		Release|x64 = Release|x64
		Release|x86 = Release|x86
	EndGlobalSection
	GlobalSection(ProjectConfigurationPlatforms) = postSolution
		{C12A38C9-A18B-475F-9D33-7C4FC57EF154}.Debug|Any CPU.ActiveCfg = Debug|Any CPU
		{C12A38C9-A18B-475F-9D33-7C4FC57EF154}.Debug|Any CPU.Build.0 = Debug|Any CPU
		{C12A38C9-A18B-475F-9D33-7C4FC57EF154}.Debug|ARM.ActiveCfg = Debug|Any CPU
		{C12A38C9-A18B-475F-9D33-7C4FC57EF154}.Debug|ARM.Build.0 = Debug|Any CPU
		{C12A38C9-A18B-475F-9D33-7C4FC57EF154}.Debug|ARM64.ActiveCfg = Debug|Any CPU
		{C12A38C9-A18B-475F-9D33-7C4FC57EF154}.Debug|ARM64.Build.0 = Debug|Any CPU
		{C12A38C9-A18B-475F-9D33-7C4FC57EF154}.Debug|iPhone.ActiveCfg = Debug|Any CPU
		{C12A38C9-A18B-475F-9D33-7C4FC57EF154}.Debug|iPhone.Build.0 = Debug|Any CPU
		{C12A38C9-A18B-475F-9D33-7C4FC57EF154}.Debug|iPhoneSimulator.ActiveCfg = Debug|Any CPU
		{C12A38C9-A18B-475F-9D33-7C4FC57EF154}.Debug|iPhoneSimulator.Build.0 = Debug|Any CPU
		{C12A38C9-A18B-475F-9D33-7C4FC57EF154}.Debug|x64.ActiveCfg = Debug|Any CPU
		{C12A38C9-A18B-475F-9D33-7C4FC57EF154}.Debug|x64.Build.0 = Debug|Any CPU
		{C12A38C9-A18B-475F-9D33-7C4FC57EF154}.Debug|x86.ActiveCfg = Debug|Any CPU
		{C12A38C9-A18B-475F-9D33-7C4FC57EF154}.Debug|x86.Build.0 = Debug|Any CPU
		{C12A38C9-A18B-475F-9D33-7C4FC57EF154}.Release|Any CPU.ActiveCfg = Release|Any CPU
		{C12A38C9-A18B-475F-9D33-7C4FC57EF154}.Release|Any CPU.Build.0 = Release|Any CPU
		{C12A38C9-A18B-475F-9D33-7C4FC57EF154}.Release|ARM.ActiveCfg = Release|Any CPU
		{C12A38C9-A18B-475F-9D33-7C4FC57EF154}.Release|ARM.Build.0 = Release|Any CPU
		{C12A38C9-A18B-475F-9D33-7C4FC57EF154}.Release|ARM64.ActiveCfg = Release|Any CPU
		{C12A38C9-A18B-475F-9D33-7C4FC57EF154}.Release|ARM64.Build.0 = Release|Any CPU
		{C12A38C9-A18B-475F-9D33-7C4FC57EF154}.Release|iPhone.ActiveCfg = Release|Any CPU
		{C12A38C9-A18B-475F-9D33-7C4FC57EF154}.Release|iPhone.Build.0 = Release|Any CPU
		{C12A38C9-A18B-475F-9D33-7C4FC57EF154}.Release|iPhoneSimulator.ActiveCfg = Release|Any CPU
		{C12A38C9-A18B-475F-9D33-7C4FC57EF154}.Release|iPhoneSimulator.Build.0 = Release|Any CPU
		{C12A38C9-A18B-475F-9D33-7C4FC57EF154}.Release|x64.ActiveCfg = Release|Any CPU
		{C12A38C9-A18B-475F-9D33-7C4FC57EF154}.Release|x64.Build.0 = Release|Any CPU
		{C12A38C9-A18B-475F-9D33-7C4FC57EF154}.Release|x86.ActiveCfg = Release|Any CPU
		{C12A38C9-A18B-475F-9D33-7C4FC57EF154}.Release|x86.Build.0 = Release|Any CPU
		{917BA062-71A6-4358-9C7A-75BEAA45DF22}.Debug|Any CPU.ActiveCfg = Debug|Any CPU
		{917BA062-71A6-4358-9C7A-75BEAA45DF22}.Debug|Any CPU.Build.0 = Debug|Any CPU
		{917BA062-71A6-4358-9C7A-75BEAA45DF22}.Debug|ARM.ActiveCfg = Debug|Any CPU
		{917BA062-71A6-4358-9C7A-75BEAA45DF22}.Debug|ARM.Build.0 = Debug|Any CPU
		{917BA062-71A6-4358-9C7A-75BEAA45DF22}.Debug|ARM64.ActiveCfg = Debug|Any CPU
		{917BA062-71A6-4358-9C7A-75BEAA45DF22}.Debug|ARM64.Build.0 = Debug|Any CPU
		{917BA062-71A6-4358-9C7A-75BEAA45DF22}.Debug|iPhone.ActiveCfg = Debug|Any CPU
		{917BA062-71A6-4358-9C7A-75BEAA45DF22}.Debug|iPhone.Build.0 = Debug|Any CPU
		{917BA062-71A6-4358-9C7A-75BEAA45DF22}.Debug|iPhoneSimulator.ActiveCfg = Debug|Any CPU
		{917BA062-71A6-4358-9C7A-75BEAA45DF22}.Debug|iPhoneSimulator.Build.0 = Debug|Any CPU
		{917BA062-71A6-4358-9C7A-75BEAA45DF22}.Debug|x64.ActiveCfg = Debug|Any CPU
		{917BA062-71A6-4358-9C7A-75BEAA45DF22}.Debug|x64.Build.0 = Debug|Any CPU
		{917BA062-71A6-4358-9C7A-75BEAA45DF22}.Debug|x86.ActiveCfg = Debug|Any CPU
		{917BA062-71A6-4358-9C7A-75BEAA45DF22}.Debug|x86.Build.0 = Debug|Any CPU
		{917BA062-71A6-4358-9C7A-75BEAA45DF22}.Release|Any CPU.ActiveCfg = Release|Any CPU
		{917BA062-71A6-4358-9C7A-75BEAA45DF22}.Release|Any CPU.Build.0 = Release|Any CPU
		{917BA062-71A6-4358-9C7A-75BEAA45DF22}.Release|ARM.ActiveCfg = Release|Any CPU
		{917BA062-71A6-4358-9C7A-75BEAA45DF22}.Release|ARM.Build.0 = Release|Any CPU
		{917BA062-71A6-4358-9C7A-75BEAA45DF22}.Release|ARM64.ActiveCfg = Release|Any CPU
		{917BA062-71A6-4358-9C7A-75BEAA45DF22}.Release|ARM64.Build.0 = Release|Any CPU
		{917BA062-71A6-4358-9C7A-75BEAA45DF22}.Release|iPhone.ActiveCfg = Release|Any CPU
		{917BA062-71A6-4358-9C7A-75BEAA45DF22}.Release|iPhone.Build.0 = Release|Any CPU
		{917BA062-71A6-4358-9C7A-75BEAA45DF22}.Release|iPhoneSimulator.ActiveCfg = Release|Any CPU
		{917BA062-71A6-4358-9C7A-75BEAA45DF22}.Release|iPhoneSimulator.Build.0 = Release|Any CPU
		{917BA062-71A6-4358-9C7A-75BEAA45DF22}.Release|x64.ActiveCfg = Release|Any CPU
		{917BA062-71A6-4358-9C7A-75BEAA45DF22}.Release|x64.Build.0 = Release|Any CPU
		{917BA062-71A6-4358-9C7A-75BEAA45DF22}.Release|x86.ActiveCfg = Release|Any CPU
		{917BA062-71A6-4358-9C7A-75BEAA45DF22}.Release|x86.Build.0 = Release|Any CPU
		{08720A8A-3059-4927-BC49-753DA5FA2409}.Debug|Any CPU.ActiveCfg = Debug|Any CPU
		{08720A8A-3059-4927-BC49-753DA5FA2409}.Debug|Any CPU.Build.0 = Debug|Any CPU
		{08720A8A-3059-4927-BC49-753DA5FA2409}.Debug|Any CPU.Deploy.0 = Debug|Any CPU
		{08720A8A-3059-4927-BC49-753DA5FA2409}.Debug|ARM.ActiveCfg = Debug|Any CPU
		{08720A8A-3059-4927-BC49-753DA5FA2409}.Debug|ARM.Build.0 = Debug|Any CPU
		{08720A8A-3059-4927-BC49-753DA5FA2409}.Debug|ARM.Deploy.0 = Debug|Any CPU
		{08720A8A-3059-4927-BC49-753DA5FA2409}.Debug|ARM64.ActiveCfg = Debug|Any CPU
		{08720A8A-3059-4927-BC49-753DA5FA2409}.Debug|ARM64.Build.0 = Debug|Any CPU
		{08720A8A-3059-4927-BC49-753DA5FA2409}.Debug|ARM64.Deploy.0 = Debug|Any CPU
		{08720A8A-3059-4927-BC49-753DA5FA2409}.Debug|iPhone.ActiveCfg = Debug|Any CPU
		{08720A8A-3059-4927-BC49-753DA5FA2409}.Debug|iPhone.Build.0 = Debug|Any CPU
		{08720A8A-3059-4927-BC49-753DA5FA2409}.Debug|iPhone.Deploy.0 = Debug|Any CPU
		{08720A8A-3059-4927-BC49-753DA5FA2409}.Debug|iPhoneSimulator.ActiveCfg = Debug|Any CPU
		{08720A8A-3059-4927-BC49-753DA5FA2409}.Debug|iPhoneSimulator.Build.0 = Debug|Any CPU
		{08720A8A-3059-4927-BC49-753DA5FA2409}.Debug|iPhoneSimulator.Deploy.0 = Debug|Any CPU
		{08720A8A-3059-4927-BC49-753DA5FA2409}.Debug|x64.ActiveCfg = Debug|Any CPU
		{08720A8A-3059-4927-BC49-753DA5FA2409}.Debug|x64.Build.0 = Debug|Any CPU
		{08720A8A-3059-4927-BC49-753DA5FA2409}.Debug|x64.Deploy.0 = Debug|Any CPU
		{08720A8A-3059-4927-BC49-753DA5FA2409}.Debug|x86.ActiveCfg = Debug|Any CPU
		{08720A8A-3059-4927-BC49-753DA5FA2409}.Debug|x86.Build.0 = Debug|Any CPU
		{08720A8A-3059-4927-BC49-753DA5FA2409}.Debug|x86.Deploy.0 = Debug|Any CPU
		{08720A8A-3059-4927-BC49-753DA5FA2409}.Release|Any CPU.ActiveCfg = Release|Any CPU
		{08720A8A-3059-4927-BC49-753DA5FA2409}.Release|Any CPU.Build.0 = Release|Any CPU
		{08720A8A-3059-4927-BC49-753DA5FA2409}.Release|Any CPU.Deploy.0 = Release|Any CPU
		{08720A8A-3059-4927-BC49-753DA5FA2409}.Release|ARM.ActiveCfg = Release|Any CPU
		{08720A8A-3059-4927-BC49-753DA5FA2409}.Release|ARM.Build.0 = Release|Any CPU
		{08720A8A-3059-4927-BC49-753DA5FA2409}.Release|ARM.Deploy.0 = Release|Any CPU
		{08720A8A-3059-4927-BC49-753DA5FA2409}.Release|ARM64.ActiveCfg = Release|Any CPU
		{08720A8A-3059-4927-BC49-753DA5FA2409}.Release|ARM64.Build.0 = Release|Any CPU
		{08720A8A-3059-4927-BC49-753DA5FA2409}.Release|ARM64.Deploy.0 = Release|Any CPU
		{08720A8A-3059-4927-BC49-753DA5FA2409}.Release|iPhone.ActiveCfg = Release|Any CPU
		{08720A8A-3059-4927-BC49-753DA5FA2409}.Release|iPhone.Build.0 = Release|Any CPU
		{08720A8A-3059-4927-BC49-753DA5FA2409}.Release|iPhone.Deploy.0 = Release|Any CPU
		{08720A8A-3059-4927-BC49-753DA5FA2409}.Release|iPhoneSimulator.ActiveCfg = Release|Any CPU
		{08720A8A-3059-4927-BC49-753DA5FA2409}.Release|iPhoneSimulator.Build.0 = Release|Any CPU
		{08720A8A-3059-4927-BC49-753DA5FA2409}.Release|iPhoneSimulator.Deploy.0 = Release|Any CPU
		{08720A8A-3059-4927-BC49-753DA5FA2409}.Release|x64.ActiveCfg = Release|Any CPU
		{08720A8A-3059-4927-BC49-753DA5FA2409}.Release|x64.Build.0 = Release|Any CPU
		{08720A8A-3059-4927-BC49-753DA5FA2409}.Release|x64.Deploy.0 = Release|Any CPU
		{08720A8A-3059-4927-BC49-753DA5FA2409}.Release|x86.ActiveCfg = Release|Any CPU
		{08720A8A-3059-4927-BC49-753DA5FA2409}.Release|x86.Build.0 = Release|Any CPU
		{08720A8A-3059-4927-BC49-753DA5FA2409}.Release|x86.Deploy.0 = Release|Any CPU
		{9CD99949-B59E-4337-BDFB-9F03D3C330AE}.Debug|Any CPU.ActiveCfg = Debug|iPhone
		{9CD99949-B59E-4337-BDFB-9F03D3C330AE}.Debug|ARM.ActiveCfg = Debug|iPhone
		{9CD99949-B59E-4337-BDFB-9F03D3C330AE}.Debug|ARM64.ActiveCfg = Debug|iPhone
		{9CD99949-B59E-4337-BDFB-9F03D3C330AE}.Debug|iPhone.ActiveCfg = Debug|iPhone
		{9CD99949-B59E-4337-BDFB-9F03D3C330AE}.Debug|iPhone.Build.0 = Debug|iPhone
		{9CD99949-B59E-4337-BDFB-9F03D3C330AE}.Debug|iPhoneSimulator.ActiveCfg = Debug|iPhoneSimulator
		{9CD99949-B59E-4337-BDFB-9F03D3C330AE}.Debug|iPhoneSimulator.Build.0 = Debug|iPhoneSimulator
		{9CD99949-B59E-4337-BDFB-9F03D3C330AE}.Debug|x64.ActiveCfg = Debug|iPhone
		{9CD99949-B59E-4337-BDFB-9F03D3C330AE}.Debug|x86.ActiveCfg = Debug|iPhone
		{9CD99949-B59E-4337-BDFB-9F03D3C330AE}.Release|Any CPU.ActiveCfg = Release|iPhone
		{9CD99949-B59E-4337-BDFB-9F03D3C330AE}.Release|ARM.ActiveCfg = Release|iPhone
		{9CD99949-B59E-4337-BDFB-9F03D3C330AE}.Release|ARM64.ActiveCfg = Release|iPhone
		{9CD99949-B59E-4337-BDFB-9F03D3C330AE}.Release|iPhone.ActiveCfg = Release|iPhone
		{9CD99949-B59E-4337-BDFB-9F03D3C330AE}.Release|iPhone.Build.0 = Release|iPhone
		{9CD99949-B59E-4337-BDFB-9F03D3C330AE}.Release|iPhoneSimulator.ActiveCfg = Release|iPhoneSimulator
		{9CD99949-B59E-4337-BDFB-9F03D3C330AE}.Release|iPhoneSimulator.Build.0 = Release|iPhoneSimulator
		{9CD99949-B59E-4337-BDFB-9F03D3C330AE}.Release|x64.ActiveCfg = Release|iPhone
		{9CD99949-B59E-4337-BDFB-9F03D3C330AE}.Release|x86.ActiveCfg = Release|iPhone
		{183B15BA-7C5F-47AE-A39A-90DE6414F33D}.Debug|Any CPU.ActiveCfg = Debug|x86
		{183B15BA-7C5F-47AE-A39A-90DE6414F33D}.Debug|ARM.ActiveCfg = Debug|ARM
		{183B15BA-7C5F-47AE-A39A-90DE6414F33D}.Debug|ARM.Build.0 = Debug|ARM
		{183B15BA-7C5F-47AE-A39A-90DE6414F33D}.Debug|ARM.Deploy.0 = Debug|ARM
		{183B15BA-7C5F-47AE-A39A-90DE6414F33D}.Debug|ARM64.ActiveCfg = Debug|ARM64
		{183B15BA-7C5F-47AE-A39A-90DE6414F33D}.Debug|ARM64.Build.0 = Debug|ARM64
		{183B15BA-7C5F-47AE-A39A-90DE6414F33D}.Debug|ARM64.Deploy.0 = Debug|ARM64
		{183B15BA-7C5F-47AE-A39A-90DE6414F33D}.Debug|iPhone.ActiveCfg = Debug|x86
		{183B15BA-7C5F-47AE-A39A-90DE6414F33D}.Debug|iPhoneSimulator.ActiveCfg = Debug|x86
		{183B15BA-7C5F-47AE-A39A-90DE6414F33D}.Debug|x64.ActiveCfg = Debug|x64
		{183B15BA-7C5F-47AE-A39A-90DE6414F33D}.Debug|x64.Build.0 = Debug|x64
		{183B15BA-7C5F-47AE-A39A-90DE6414F33D}.Debug|x64.Deploy.0 = Debug|x64
		{183B15BA-7C5F-47AE-A39A-90DE6414F33D}.Debug|x86.ActiveCfg = Debug|x86
		{183B15BA-7C5F-47AE-A39A-90DE6414F33D}.Debug|x86.Build.0 = Debug|x86
		{183B15BA-7C5F-47AE-A39A-90DE6414F33D}.Debug|x86.Deploy.0 = Debug|x86
		{183B15BA-7C5F-47AE-A39A-90DE6414F33D}.Release|Any CPU.ActiveCfg = Release|x86
		{183B15BA-7C5F-47AE-A39A-90DE6414F33D}.Release|ARM.ActiveCfg = Release|ARM
		{183B15BA-7C5F-47AE-A39A-90DE6414F33D}.Release|ARM.Build.0 = Release|ARM
		{183B15BA-7C5F-47AE-A39A-90DE6414F33D}.Release|ARM.Deploy.0 = Release|ARM
		{183B15BA-7C5F-47AE-A39A-90DE6414F33D}.Release|ARM64.ActiveCfg = Release|ARM64
		{183B15BA-7C5F-47AE-A39A-90DE6414F33D}.Release|ARM64.Build.0 = Release|ARM64
		{183B15BA-7C5F-47AE-A39A-90DE6414F33D}.Release|ARM64.Deploy.0 = Release|ARM64
		{183B15BA-7C5F-47AE-A39A-90DE6414F33D}.Release|iPhone.ActiveCfg = Release|x86
		{183B15BA-7C5F-47AE-A39A-90DE6414F33D}.Release|iPhoneSimulator.ActiveCfg = Release|x86
		{183B15BA-7C5F-47AE-A39A-90DE6414F33D}.Release|x64.ActiveCfg = Release|x64
		{183B15BA-7C5F-47AE-A39A-90DE6414F33D}.Release|x64.Build.0 = Release|x64
		{183B15BA-7C5F-47AE-A39A-90DE6414F33D}.Release|x64.Deploy.0 = Release|x64
		{183B15BA-7C5F-47AE-A39A-90DE6414F33D}.Release|x86.ActiveCfg = Release|x86
		{183B15BA-7C5F-47AE-A39A-90DE6414F33D}.Release|x86.Build.0 = Release|x86
		{183B15BA-7C5F-47AE-A39A-90DE6414F33D}.Release|x86.Deploy.0 = Release|x86
		{CE173EB1-4080-40FA-9AAE-4A1E20CF9731}.Debug|Any CPU.ActiveCfg = Debug|Any CPU
		{CE173EB1-4080-40FA-9AAE-4A1E20CF9731}.Debug|Any CPU.Build.0 = Debug|Any CPU
		{CE173EB1-4080-40FA-9AAE-4A1E20CF9731}.Debug|ARM.ActiveCfg = Debug|Any CPU
		{CE173EB1-4080-40FA-9AAE-4A1E20CF9731}.Debug|ARM.Build.0 = Debug|Any CPU
		{CE173EB1-4080-40FA-9AAE-4A1E20CF9731}.Debug|ARM64.ActiveCfg = Debug|Any CPU
		{CE173EB1-4080-40FA-9AAE-4A1E20CF9731}.Debug|ARM64.Build.0 = Debug|Any CPU
		{CE173EB1-4080-40FA-9AAE-4A1E20CF9731}.Debug|iPhone.ActiveCfg = Debug|Any CPU
		{CE173EB1-4080-40FA-9AAE-4A1E20CF9731}.Debug|iPhone.Build.0 = Debug|Any CPU
		{CE173EB1-4080-40FA-9AAE-4A1E20CF9731}.Debug|iPhoneSimulator.ActiveCfg = Debug|Any CPU
		{CE173EB1-4080-40FA-9AAE-4A1E20CF9731}.Debug|iPhoneSimulator.Build.0 = Debug|Any CPU
		{CE173EB1-4080-40FA-9AAE-4A1E20CF9731}.Debug|x64.ActiveCfg = Debug|Any CPU
		{CE173EB1-4080-40FA-9AAE-4A1E20CF9731}.Debug|x64.Build.0 = Debug|Any CPU
		{CE173EB1-4080-40FA-9AAE-4A1E20CF9731}.Debug|x86.ActiveCfg = Debug|Any CPU
		{CE173EB1-4080-40FA-9AAE-4A1E20CF9731}.Debug|x86.Build.0 = Debug|Any CPU
		{CE173EB1-4080-40FA-9AAE-4A1E20CF9731}.Release|Any CPU.ActiveCfg = Release|Any CPU
		{CE173EB1-4080-40FA-9AAE-4A1E20CF9731}.Release|Any CPU.Build.0 = Release|Any CPU
		{CE173EB1-4080-40FA-9AAE-4A1E20CF9731}.Release|ARM.ActiveCfg = Release|Any CPU
		{CE173EB1-4080-40FA-9AAE-4A1E20CF9731}.Release|ARM.Build.0 = Release|Any CPU
		{CE173EB1-4080-40FA-9AAE-4A1E20CF9731}.Release|ARM64.ActiveCfg = Release|Any CPU
		{CE173EB1-4080-40FA-9AAE-4A1E20CF9731}.Release|ARM64.Build.0 = Release|Any CPU
		{CE173EB1-4080-40FA-9AAE-4A1E20CF9731}.Release|iPhone.ActiveCfg = Release|Any CPU
		{CE173EB1-4080-40FA-9AAE-4A1E20CF9731}.Release|iPhone.Build.0 = Release|Any CPU
		{CE173EB1-4080-40FA-9AAE-4A1E20CF9731}.Release|iPhoneSimulator.ActiveCfg = Release|Any CPU
		{CE173EB1-4080-40FA-9AAE-4A1E20CF9731}.Release|iPhoneSimulator.Build.0 = Release|Any CPU
		{CE173EB1-4080-40FA-9AAE-4A1E20CF9731}.Release|x64.ActiveCfg = Release|Any CPU
		{CE173EB1-4080-40FA-9AAE-4A1E20CF9731}.Release|x64.Build.0 = Release|Any CPU
		{CE173EB1-4080-40FA-9AAE-4A1E20CF9731}.Release|x86.ActiveCfg = Release|Any CPU
		{CE173EB1-4080-40FA-9AAE-4A1E20CF9731}.Release|x86.Build.0 = Release|Any CPU
	EndGlobalSection
	GlobalSection(SolutionProperties) = preSolution
		HideSolutionNode = FALSE
	EndGlobalSection
	GlobalSection(ExtensibilityGlobals) = postSolution
		SolutionGuid = {A2BC869E-CCF4-448C-9958-866A7F4C1FFC}
	EndGlobalSection
EndGlobal
