
Microsoft Visual Studio Solution File, Format Version 12.00
# Visual Studio Version 16
VisualStudioVersion = 16.0.28922.388
MinimumVisualStudioVersion = 15.0.26124.0
Project("{9A19103F-16F7-4668-BE54-9A1E7A4F7556}") = "UrhoSharp.Viewer.Core", "UrhoSharp.Viewer.Core\UrhoSharp.Viewer.Core.csproj", "{AF807981-604D-4011-98C2-292D246D6649}"
EndProject
Project("{9A19103F-16F7-4668-BE54-9A1E7A4F7556}") = "UrhoSharp.Viewer.Wpf", "UrhoSharp.Viewer.Wpf\UrhoSharp.Viewer.Wpf.csproj", "{C37E761A-741C-437B-A108-87434CD2B1F8}"
EndProject
Global
	GlobalSection(SolutionConfigurationPlatforms) = preSolution
		Debug|Any CPU = Debug|Any CPU
		Debug|x64 = Debug|x64
		Debug|x86 = Debug|x86
		Release|Any CPU = Release|Any CPU
		Release|x64 = Release|x64
		Release|x86 = Release|x86
	EndGlobalSection
	GlobalSection(ProjectConfigurationPlatforms) = postSolution
		{AF807981-604D-4011-98C2-292D246D6649}.Debug|Any CPU.ActiveCfg = Debug|Any CPU
		{AF807981-604D-4011-98C2-292D246D6649}.Debug|Any CPU.Build.0 = Debug|Any CPU
		{AF807981-604D-4011-98C2-292D246D6649}.Debug|x64.ActiveCfg = Debug|Any CPU
		{AF807981-604D-4011-98C2-292D246D6649}.Debug|x64.Build.0 = Debug|Any CPU
		{AF807981-604D-4011-98C2-292D246D6649}.Debug|x86.ActiveCfg = Debug|Any CPU
		{AF807981-604D-4011-98C2-292D246D6649}.Debug|x86.Build.0 = Debug|Any CPU
		{AF807981-604D-4011-98C2-292D246D6649}.Release|Any CPU.ActiveCfg = Release|Any CPU
		{AF807981-604D-4011-98C2-292D246D6649}.Release|Any CPU.Build.0 = Release|Any CPU
		{AF807981-604D-4011-98C2-292D246D6649}.Release|x64.ActiveCfg = Release|Any CPU
		{AF807981-604D-4011-98C2-292D246D6649}.Release|x64.Build.0 = Release|Any CPU
		{AF807981-604D-4011-98C2-292D246D6649}.Release|x86.ActiveCfg = Release|Any CPU
		{AF807981-604D-4011-98C2-292D246D6649}.Release|x86.Build.0 = Release|Any CPU
		{C37E761A-741C-437B-A108-87434CD2B1F8}.Debug|Any CPU.ActiveCfg = Debug|Any CPU
		{C37E761A-741C-437B-A108-87434CD2B1F8}.Debug|Any CPU.Build.0 = Debug|Any CPU
		{C37E761A-741C-437B-A108-87434CD2B1F8}.Debug|x64.ActiveCfg = Debug|Any CPU
		{C37E761A-741C-437B-A108-87434CD2B1F8}.Debug|x64.Build.0 = Debug|Any CPU
		{C37E761A-741C-437B-A108-87434CD2B1F8}.Debug|x86.ActiveCfg = Debug|Any CPU
		{C37E761A-741C-437B-A108-87434CD2B1F8}.Debug|x86.Build.0 = Debug|Any CPU
		{C37E761A-741C-437B-A108-87434CD2B1F8}.Release|Any CPU.ActiveCfg = Release|Any CPU
		{C37E761A-741C-437B-A108-87434CD2B1F8}.Release|Any CPU.Build.0 = Release|Any CPU
		{C37E761A-741C-437B-A108-87434CD2B1F8}.Release|x64.ActiveCfg = Release|Any CPU
		{C37E761A-741C-437B-A108-87434CD2B1F8}.Release|x64.Build.0 = Release|Any CPU
		{C37E761A-741C-437B-A108-87434CD2B1F8}.Release|x86.ActiveCfg = Release|Any CPU
		{C37E761A-741C-437B-A108-87434CD2B1F8}.Release|x86.Build.0 = Release|Any CPU
	EndGlobalSection
	GlobalSection(SolutionProperties) = preSolution
		HideSolutionNode = FALSE
	EndGlobalSection
	GlobalSection(ExtensibilityGlobals) = postSolution
		SolutionGuid = {930FABBF-8314-4CD2-B0E5-31F60F72E5BC}
	EndGlobalSection
EndGlobal
